// !$*UTF8*$!
{
	archiveVersion = 1;
	classes = {
	};
	objectVersion = 44;
	objects = {

/* Begin PBXAggregateTarget section */
		CE76EBFB0994DA64007B9067 /* plugins */ = {
			isa = PBXAggregateTarget;
			buildConfigurationList = CE76EBFF0994DA71007B9067 /* Build configuration list for PBXAggregateTarget "plugins" */;
			buildPhases = (
			);
			dependencies = (
				CE76EE7D0994DBBD007B9067 /* PBXTargetDependency */,
				CE76EE7F0994DBBD007B9067 /* PBXTargetDependency */,
				CE76EE810994DBBD007B9067 /* PBXTargetDependency */,
				CE76EE830994DBBD007B9067 /* PBXTargetDependency */,
				CE76EE8B0994DBBD007B9067 /* PBXTargetDependency */,
				CE76EE8D0994DBBD007B9067 /* PBXTargetDependency */,
				CE76EE8F0994DBBD007B9067 /* PBXTargetDependency */,
				CE76EE990994DBBD007B9067 /* PBXTargetDependency */,
				CE76EE9D0994DBBD007B9067 /* PBXTargetDependency */,
				CE76EE9F0994DBBD007B9067 /* PBXTargetDependency */,
				CE76EEA10994DBBD007B9067 /* PBXTargetDependency */,
				CE76EEA50994DBBD007B9067 /* PBXTargetDependency */,
				CE76EEA90994DBBD007B9067 /* PBXTargetDependency */,
				CE38EC810994E12D008E1A2D /* PBXTargetDependency */,
				CE0599B70CD0B4A90078D119 /* PBXTargetDependency */,
				CE0599C10CD0B4B80078D119 /* PBXTargetDependency */,
				CE0599C30CD0B4BB0078D119 /* PBXTargetDependency */,
				CE0599C70CD0B4C00078D119 /* PBXTargetDependency */,
				CE0599E10CD0B5F80078D119 /* PBXTargetDependency */,
				CE47B5480CD0C63200293F52 /* PBXTargetDependency */,
			);
			name = plugins;
			productName = plugins;
		};
/* End PBXAggregateTarget section */

/* Begin PBXContainerItemProxy section */
		CE0599290CD0B42B0078D119 /* PBXContainerItemProxy */ = {
			isa = PBXContainerItemProxy;
			containerPortal = CE0599220CD0B42B0078D119 /* xmlrpc.xcodeproj */;
			proxyType = 2;
			remoteGlobalIDString = 69BACD860BCF663F008362D2;
			remoteInfo = xmlrpc;
		};
		CE0599B00CD0B4970078D119 /* PBXContainerItemProxy */ = {
			isa = PBXContainerItemProxy;
			containerPortal = CE0599A90CD0B4970078D119 /* XRayTemplatesPlugin.xcodeproj */;
			proxyType = 2;
			remoteGlobalIDString = AB5D36050680E57E00F4007A;
			remoteInfo = XRayTemplatesPlugin;
		};
		CE0599B60CD0B4A90078D119 /* PBXContainerItemProxy */ = {
			isa = PBXContainerItemProxy;
			containerPortal = CE0599220CD0B42B0078D119 /* xmlrpc.xcodeproj */;
			proxyType = 1;
			remoteGlobalIDString = 8D5B49AC048680CD000E48DA;
			remoteInfo = xmlrpc;
		};
		CE0599C00CD0B4B80078D119 /* PBXContainerItemProxy */ = {
			isa = PBXContainerItemProxy;
			containerPortal = CE76EDFE0994DBAD007B9067 /* JpegToDicom.xcodeproj */;
			proxyType = 1;
			remoteGlobalIDString = 8D5B49AC048680CD000E48DA;
			remoteInfo = JpegToDICOM;
		};
		CE0599C20CD0B4BB0078D119 /* PBXContainerItemProxy */ = {
			isa = PBXContainerItemProxy;
			containerPortal = CE76EDF20994DBAD007B9067 /* PDFToDicom.xcodeproj */;
			proxyType = 1;
			remoteGlobalIDString = 8D5B49AC048680CD000E48DA;
			remoteInfo = PDFToDICOM;
		};
		CE0599C60CD0B4C00078D119 /* PBXContainerItemProxy */ = {
			isa = PBXContainerItemProxy;
			containerPortal = CE0599A90CD0B4970078D119 /* XRayTemplatesPlugin.xcodeproj */;
			proxyType = 1;
			remoteGlobalIDString = 8D5B49AC048680CD000E48DA;
			remoteInfo = XRayTemplatesPlugin;
		};
		CE0599DC0CD0B5DE0078D119 /* PBXContainerItemProxy */ = {
			isa = PBXContainerItemProxy;
			containerPortal = CE0599D80CD0B5DE0078D119 /* MappingRatio.xcodeproj */;
			proxyType = 2;
			remoteGlobalIDString = AB5D36050680E57E00F4007A;
			remoteInfo = "Ratio T2 Map";
		};
		CE0599E00CD0B5F80078D119 /* PBXContainerItemProxy */ = {
			isa = PBXContainerItemProxy;
			containerPortal = CE0599D80CD0B5DE0078D119 /* MappingRatio.xcodeproj */;
			proxyType = 1;
			remoteGlobalIDString = 8D5B49AC048680CD000E48DA;
			remoteInfo = "Ratio T2 Map";
		};
		CE38EC7E0994E11F008E1A2D /* PBXContainerItemProxy */ = {
			isa = PBXContainerItemProxy;
			containerPortal = CE38EC790994E11F008E1A2D /* EjectionFraction.xcodeproj */;
			proxyType = 2;
			remoteGlobalIDString = AB1BC1C406834F460041F4A4;
			remoteInfo = EjectionFraction;
		};
		CE38EC800994E12D008E1A2D /* PBXContainerItemProxy */ = {
			isa = PBXContainerItemProxy;
			containerPortal = CE38EC790994E11F008E1A2D /* EjectionFraction.xcodeproj */;
			proxyType = 1;
			remoteGlobalIDString = 8D5B49AC048680CD000E48DA;
			remoteInfo = EjectionFraction;
		};
		CE47B5450CD0C62A00293F52 /* PBXContainerItemProxy */ = {
			isa = PBXContainerItemProxy;
			containerPortal = CE47B53E0CD0C62A00293F52 /* Cobb.xcodeproj */;
			proxyType = 2;
			remoteGlobalIDString = AB94F8DF0682170900733F34;
			remoteInfo = Cobb;
		};
		CE47B5470CD0C63200293F52 /* PBXContainerItemProxy */ = {
			isa = PBXContainerItemProxy;
			containerPortal = CE47B53E0CD0C62A00293F52 /* Cobb.xcodeproj */;
			proxyType = 1;
			remoteGlobalIDString = 8D5B49AC048680CD000E48DA;
			remoteInfo = Cobb;
		};
		CE76EE320994DBAD007B9067 /* PBXContainerItemProxy */ = {
			isa = PBXContainerItemProxy;
			containerPortal = CE76EDE90994DBAD007B9067 /* ROI-Enhancement.xcodeproj */;
			proxyType = 2;
			remoteGlobalIDString = ABC38D7306823F62006E9132;
			remoteInfo = "ROI-Enhancement";
		};
		CE76EE350994DBAD007B9067 /* PBXContainerItemProxy */ = {
			isa = PBXContainerItemProxy;
			containerPortal = CE76EDEC0994DBAD007B9067 /* ResampleData.xcodeproj */;
			proxyType = 2;
			remoteGlobalIDString = AB94F8DF0682170900733F34;
			remoteInfo = ResampleData;
		};
		CE76EE380994DBAD007B9067 /* PBXContainerItemProxy */ = {
			isa = PBXContainerItemProxy;
			containerPortal = CE76EDEF0994DBAD007B9067 /* ReduceSeries.xcodeproj */;
			proxyType = 2;
			remoteGlobalIDString = AB1411F40677B3BE004B0074;
			remoteInfo = ReduceSeries;
		};
		CE76EE3B0994DBAD007B9067 /* PBXContainerItemProxy */ = {
			isa = PBXContainerItemProxy;
			containerPortal = CE76EDF20994DBAD007B9067 /* PDFToDicom.xcodeproj */;
			proxyType = 2;
			remoteGlobalIDString = AB5D36050680E57E00F4007A;
			remoteInfo = PDFToDICOM;
		};
		CE76EE470994DBAD007B9067 /* PBXContainerItemProxy */ = {
			isa = PBXContainerItemProxy;
			containerPortal = CE76EDFE0994DBAD007B9067 /* JpegToDicom.xcodeproj */;
			proxyType = 2;
			remoteGlobalIDString = AB5D36050680E57E00F4007A;
			remoteInfo = JpegToDICOM;
		};
		CE76EE4A0994DBAD007B9067 /* PBXContainerItemProxy */ = {
			isa = PBXContainerItemProxy;
			containerPortal = CE76EE010994DBAD007B9067 /* Normalize.xcodeproj */;
			proxyType = 2;
			remoteGlobalIDString = AB94F8DF0682170900733F34;
			remoteInfo = Normalize;
		};
		CE76EE500994DBAD007B9067 /* PBXContainerItemProxy */ = {
			isa = PBXContainerItemProxy;
			containerPortal = CE76EE070994DBAD007B9067 /* OrthogonalReslice.xcodeproj */;
			proxyType = 2;
			remoteGlobalIDString = AB1411F40677B3BE004B0074;
			remoteInfo = OrthogonalReslice;
		};
		CE76EE560994DBAD007B9067 /* PBXContainerItemProxy */ = {
			isa = PBXContainerItemProxy;
			containerPortal = CE76EE0D0994DBAD007B9067 /* Mapping.xcodeproj */;
			proxyType = 2;
			remoteGlobalIDString = AB5D36050680E57E00F4007A;
			remoteInfo = "T2 Fit Map";
		};
		CE76EE590994DBAD007B9067 /* PBXContainerItemProxy */ = {
			isa = PBXContainerItemProxy;
			containerPortal = CE76EE100994DBAD007B9067 /* ExportROIs.xcodeproj */;
			proxyType = 2;
			remoteGlobalIDString = 82CD775408DDAB9100BDF92A;
			remoteInfo = ExportROIs;
		};
		CE76EE5C0994DBAD007B9067 /* PBXContainerItemProxy */ = {
			isa = PBXContainerItemProxy;
			containerPortal = CE76EE130994DBAD007B9067 /* FillGaps.xcodeproj */;
			proxyType = 2;
			remoteGlobalIDString = AB1411F40677B3BE004B0074;
			remoteInfo = FillGaps;
		};
		CE76EE5F0994DBAD007B9067 /* PBXContainerItemProxy */ = {
			isa = PBXContainerItemProxy;
			containerPortal = CE76EE160994DBAD007B9067 /* Invert.xcodeproj */;
			proxyType = 2;
			remoteGlobalIDString = AB1411F40677B3BE004B0074;
			remoteInfo = "Invert Data";
		};
		CE76EE620994DBAD007B9067 /* PBXContainerItemProxy */ = {
			isa = PBXContainerItemProxy;
			containerPortal = CE76EE190994DBAD007B9067 /* Duplicate.xcodeproj */;
			proxyType = 2;
			remoteGlobalIDString = AB5D36050680E57E00F4007A;
			remoteInfo = Duplicate;
		};
		CE76EE650994DBAD007B9067 /* PBXContainerItemProxy */ = {
			isa = PBXContainerItemProxy;
			containerPortal = CE76EE1C0994DBAD007B9067 /* CreateROI.xcodeproj */;
			proxyType = 2;
			remoteGlobalIDString = AB94F8DF0682170900733F34;
			remoteInfo = CreateROI;
		};
		CE76EE6B0994DBAD007B9067 /* PBXContainerItemProxy */ = {
			isa = PBXContainerItemProxy;
			containerPortal = CE76EE220994DBAD007B9067 /* Fusion.xcodeproj */;
			proxyType = 2;
			remoteGlobalIDString = ABC3128D068366E70056BCB1;
			remoteInfo = "Subtraction Angio-CT";
		};
		CE76EE6E0994DBAD007B9067 /* PBXContainerItemProxy */ = {
			isa = PBXContainerItemProxy;
			containerPortal = CE76EE250994DBAD007B9067 /* Invert.xcodeproj */;
			proxyType = 2;
			remoteGlobalIDString = AB1411F40677B3BE004B0074;
			remoteInfo = Invert;
		};
		CE76EE7C0994DBBD007B9067 /* PBXContainerItemProxy */ = {
			isa = PBXContainerItemProxy;
			containerPortal = CE76EDE90994DBAD007B9067 /* ROI-Enhancement.xcodeproj */;
			proxyType = 1;
			remoteGlobalIDString = 8D5B49AC048680CD000E48DA;
			remoteInfo = "ROI-Enhancement";
		};
		CE76EE7E0994DBBD007B9067 /* PBXContainerItemProxy */ = {
			isa = PBXContainerItemProxy;
			containerPortal = CE76EE130994DBAD007B9067 /* FillGaps.xcodeproj */;
			proxyType = 1;
			remoteGlobalIDString = 8D5B49AC048680CD000E48DA;
			remoteInfo = FillGaps;
		};
		CE76EE800994DBBD007B9067 /* PBXContainerItemProxy */ = {
			isa = PBXContainerItemProxy;
			containerPortal = CE76EE1C0994DBAD007B9067 /* CreateROI.xcodeproj */;
			proxyType = 1;
			remoteGlobalIDString = 8D5B49AC048680CD000E48DA;
			remoteInfo = CreateROI;
		};
		CE76EE820994DBBD007B9067 /* PBXContainerItemProxy */ = {
			isa = PBXContainerItemProxy;
			containerPortal = CE76EE250994DBAD007B9067 /* Invert.xcodeproj */;
			proxyType = 1;
			remoteGlobalIDString = 8D5B49AC048680CD000E48DA;
			remoteInfo = Invert;
		};
		CE76EE8A0994DBBD007B9067 /* PBXContainerItemProxy */ = {
			isa = PBXContainerItemProxy;
			containerPortal = CE76EE0D0994DBAD007B9067 /* Mapping.xcodeproj */;
			proxyType = 1;
			remoteGlobalIDString = 8D5B49AC048680CD000E48DA;
			remoteInfo = "T2 Fit Map";
		};
		CE76EE8C0994DBBD007B9067 /* PBXContainerItemProxy */ = {
			isa = PBXContainerItemProxy;
			containerPortal = CE76EE160994DBAD007B9067 /* Invert.xcodeproj */;
			proxyType = 1;
			remoteGlobalIDString = 8D5B49AC048680CD000E48DA;
			remoteInfo = "Invert Data";
		};
		CE76EE8E0994DBBD007B9067 /* PBXContainerItemProxy */ = {
			isa = PBXContainerItemProxy;
			containerPortal = CE76EDEC0994DBAD007B9067 /* ResampleData.xcodeproj */;
			proxyType = 1;
			remoteGlobalIDString = 8D5B49AC048680CD000E48DA;
			remoteInfo = ResampleData;
		};
		CE76EE980994DBBD007B9067 /* PBXContainerItemProxy */ = {
			isa = PBXContainerItemProxy;
			containerPortal = CE76EE070994DBAD007B9067 /* OrthogonalReslice.xcodeproj */;
			proxyType = 1;
			remoteGlobalIDString = 8D5B49AC048680CD000E48DA;
			remoteInfo = OrthogonalReslice;
		};
		CE76EE9C0994DBBD007B9067 /* PBXContainerItemProxy */ = {
			isa = PBXContainerItemProxy;
			containerPortal = CE76EE100994DBAD007B9067 /* ExportROIs.xcodeproj */;
			proxyType = 1;
			remoteGlobalIDString = 8D5B49AC048680CD000E48DA;
			remoteInfo = ExportROIs;
		};
		CE76EE9E0994DBBD007B9067 /* PBXContainerItemProxy */ = {
			isa = PBXContainerItemProxy;
			containerPortal = CE76EDEF0994DBAD007B9067 /* ReduceSeries.xcodeproj */;
			proxyType = 1;
			remoteGlobalIDString = 8D5B49AC048680CD000E48DA;
			remoteInfo = ReduceSeries;
		};
		CE76EEA00994DBBD007B9067 /* PBXContainerItemProxy */ = {
			isa = PBXContainerItemProxy;
			containerPortal = CE76EE190994DBAD007B9067 /* Duplicate.xcodeproj */;
			proxyType = 1;
			remoteGlobalIDString = 8D5B49AC048680CD000E48DA;
			remoteInfo = Duplicate;
		};
		CE76EEA40994DBBD007B9067 /* PBXContainerItemProxy */ = {
			isa = PBXContainerItemProxy;
			containerPortal = CE76EE220994DBAD007B9067 /* Fusion.xcodeproj */;
			proxyType = 1;
			remoteGlobalIDString = 8D5B49AC048680CD000E48DA;
			remoteInfo = "Subtraction Angio-CT";
		};
		CE76EEA80994DBBD007B9067 /* PBXContainerItemProxy */ = {
			isa = PBXContainerItemProxy;
			containerPortal = CE76EE010994DBAD007B9067 /* Normalize.xcodeproj */;
			proxyType = 1;
			remoteGlobalIDString = 8D5B49AC048680CD000E48DA;
			remoteInfo = Normalize;
		};
/* End PBXContainerItemProxy section */

/* Begin PBXFileReference section */
		CE0599220CD0B42B0078D119 /* xmlrpc.xcodeproj */ = {isa = PBXFileReference; lastKnownFileType = "wrapper.pb-project"; name = xmlrpc.xcodeproj; path = "XML-RPC-Plugin/xmlrpc.xcodeproj"; sourceTree = "<group>"; };
		CE0599A90CD0B4970078D119 /* XRayTemplatesPlugin.xcodeproj */ = {isa = PBXFileReference; lastKnownFileType = "wrapper.pb-project"; name = XRayTemplatesPlugin.xcodeproj; path = XRayTemplates/XRayTemplatesPlugin.xcodeproj; sourceTree = "<group>"; };
		CE0599D80CD0B5DE0078D119 /* MappingRatio.xcodeproj */ = {isa = PBXFileReference; lastKnownFileType = "wrapper.pb-project"; name = MappingRatio.xcodeproj; path = "T2 Ratio Map/MappingRatio.xcodeproj"; sourceTree = "<group>"; };
		CE38EC790994E11F008E1A2D /* EjectionFraction.xcodeproj */ = {isa = PBXFileReference; lastKnownFileType = "wrapper.pb-project"; name = EjectionFraction.xcodeproj; path = CardiacEjection/EjectionFraction.xcodeproj; sourceTree = "<group>"; };
		CE47B53E0CD0C62A00293F52 /* Cobb.xcodeproj */ = {isa = PBXFileReference; lastKnownFileType = "wrapper.pb-project"; name = Cobb.xcodeproj; path = "Cobb Angle/Cobb.xcodeproj"; sourceTree = "<group>"; };
		CE76EDE90994DBAD007B9067 /* ROI-Enhancement.xcodeproj */ = {isa = PBXFileReference; lastKnownFileType = "wrapper.pb-project"; name = "ROI-Enhancement.xcodeproj"; path = "ROI Enhancement/ROI-Enhancement.xcodeproj"; sourceTree = "<group>"; };
		CE76EDEC0994DBAD007B9067 /* ResampleData.xcodeproj */ = {isa = PBXFileReference; lastKnownFileType = "wrapper.pb-project"; name = ResampleData.xcodeproj; path = "Resample Data/ResampleData.xcodeproj"; sourceTree = "<group>"; };
		CE76EDEF0994DBAD007B9067 /* ReduceSeries.xcodeproj */ = {isa = PBXFileReference; lastKnownFileType = "wrapper.pb-project"; name = ReduceSeries.xcodeproj; path = "Reduce Series/ReduceSeries.xcodeproj"; sourceTree = "<group>"; };
		CE76EDF20994DBAD007B9067 /* PDFToDicom.xcodeproj */ = {isa = PBXFileReference; lastKnownFileType = "wrapper.pb-project"; name = PDFToDicom.xcodeproj; path = "PDF to DICOM/PDFToDicom.xcodeproj"; sourceTree = "<group>"; };
		CE76EDFE0994DBAD007B9067 /* JpegToDicom.xcodeproj */ = {isa = PBXFileReference; lastKnownFileType = "wrapper.pb-project"; name = JpegToDicom.xcodeproj; path = "JPEG to DICOM/JpegToDicom.xcodeproj"; sourceTree = "<group>"; };
		CE76EE010994DBAD007B9067 /* Normalize.xcodeproj */ = {isa = PBXFileReference; lastKnownFileType = "wrapper.pb-project"; name = Normalize.xcodeproj; path = Normalize/Normalize.xcodeproj; sourceTree = "<group>"; };
		CE76EE070994DBAD007B9067 /* OrthogonalReslice.xcodeproj */ = {isa = PBXFileReference; lastKnownFileType = "wrapper.pb-project"; name = OrthogonalReslice.xcodeproj; path = "Orthogonal Reslice/OrthogonalReslice.xcodeproj"; sourceTree = "<group>"; };
		CE76EE0D0994DBAD007B9067 /* Mapping.xcodeproj */ = {isa = PBXFileReference; lastKnownFileType = "wrapper.pb-project"; name = Mapping.xcodeproj; path = "T2 Fit Map/Mapping.xcodeproj"; sourceTree = "<group>"; };
		CE76EE100994DBAD007B9067 /* ExportROIs.xcodeproj */ = {isa = PBXFileReference; lastKnownFileType = "wrapper.pb-project"; name = ExportROIs.xcodeproj; path = ExportROIs/ExportROIs.xcodeproj; sourceTree = "<group>"; };
		CE76EE130994DBAD007B9067 /* FillGaps.xcodeproj */ = {isa = PBXFileReference; lastKnownFileType = "wrapper.pb-project"; name = FillGaps.xcodeproj; path = "Fill the gaps/FillGaps.xcodeproj"; sourceTree = "<group>"; };
		CE76EE160994DBAD007B9067 /* Invert.xcodeproj */ = {isa = PBXFileReference; lastKnownFileType = "wrapper.pb-project"; name = Invert.xcodeproj; path = "Invert Data/Invert.xcodeproj"; sourceTree = "<group>"; };
		CE76EE190994DBAD007B9067 /* Duplicate.xcodeproj */ = {isa = PBXFileReference; lastKnownFileType = "wrapper.pb-project"; name = Duplicate.xcodeproj; path = Duplicate/Duplicate.xcodeproj; sourceTree = "<group>"; };
		CE76EE1C0994DBAD007B9067 /* CreateROI.xcodeproj */ = {isa = PBXFileReference; lastKnownFileType = "wrapper.pb-project"; name = CreateROI.xcodeproj; path = "Create ROIs/CreateROI.xcodeproj"; sourceTree = "<group>"; };
		CE76EE220994DBAD007B9067 /* Fusion.xcodeproj */ = {isa = PBXFileReference; lastKnownFileType = "wrapper.pb-project"; name = Fusion.xcodeproj; path = "Fusion Angio-CT tool/Fusion.xcodeproj"; sourceTree = "<group>"; };
		CE76EE250994DBAD007B9067 /* Invert.xcodeproj */ = {isa = PBXFileReference; lastKnownFileType = "wrapper.pb-project"; name = Invert.xcodeproj; path = "Invert - WindowController/Invert.xcodeproj"; sourceTree = "<group>"; };
/* End PBXFileReference section */

/* Begin PBXGroup section */
		CE0599230CD0B42B0078D119 /* Products */ = {
			isa = PBXGroup;
			children = (
				CE05992A0CD0B42B0078D119 /* xmlrpc.osirixplugin */,
			);
			name = Products;
			sourceTree = "<group>";
		};
		CE0599AA0CD0B4970078D119 /* Products */ = {
			isa = PBXGroup;
			children = (
				CE0599B10CD0B4970078D119 /* XRayTemplatesPlugin.osirixplugin */,
			);
			name = Products;
			sourceTree = "<group>";
		};
		CE0599D90CD0B5DE0078D119 /* Products */ = {
			isa = PBXGroup;
			children = (
				CE0599DD0CD0B5DE0078D119 /* Ratio T2 Map.osirixplugin */,
			);
			name = Products;
			sourceTree = "<group>";
		};
		CE38EC7A0994E11F008E1A2D /* Products */ = {
			isa = PBXGroup;
			children = (
				CE38EC7F0994E11F008E1A2D /* Ejection Fraction.osirixplugin */,
			);
			name = Products;
			sourceTree = "<group>";
		};
		CE47B53F0CD0C62A00293F52 /* Products */ = {
			isa = PBXGroup;
			children = (
				CE47B5460CD0C62A00293F52 /* Cobb.osirixplugin */,
			);
			name = Products;
			sourceTree = "<group>";
		};
		CE76EBF00994DA4C007B9067 = {
			isa = PBXGroup;
			children = (
				CE38EC790994E11F008E1A2D /* EjectionFraction.xcodeproj */,
				CE76EDE90994DBAD007B9067 /* ROI-Enhancement.xcodeproj */,
				CE76EDEC0994DBAD007B9067 /* ResampleData.xcodeproj */,
				CE76EDEF0994DBAD007B9067 /* ReduceSeries.xcodeproj */,
				CE76EDF20994DBAD007B9067 /* PDFToDicom.xcodeproj */,
				CE76EDFE0994DBAD007B9067 /* JpegToDicom.xcodeproj */,
				CE76EE010994DBAD007B9067 /* Normalize.xcodeproj */,
				CE76EE070994DBAD007B9067 /* OrthogonalReslice.xcodeproj */,
				CE76EE0D0994DBAD007B9067 /* Mapping.xcodeproj */,
				CE47B53E0CD0C62A00293F52 /* Cobb.xcodeproj */,
				CE76EE100994DBAD007B9067 /* ExportROIs.xcodeproj */,
				CE76EE130994DBAD007B9067 /* FillGaps.xcodeproj */,
				CE76EE160994DBAD007B9067 /* Invert.xcodeproj */,
				CE76EE190994DBAD007B9067 /* Duplicate.xcodeproj */,
				CE76EE1C0994DBAD007B9067 /* CreateROI.xcodeproj */,
				CE76EE220994DBAD007B9067 /* Fusion.xcodeproj */,
				CE0599A90CD0B4970078D119 /* XRayTemplatesPlugin.xcodeproj */,
				CE76EE250994DBAD007B9067 /* Invert.xcodeproj */,
				CE0599D80CD0B5DE0078D119 /* MappingRatio.xcodeproj */,
				CE0599220CD0B42B0078D119 /* xmlrpc.xcodeproj */,
			);
			sourceTree = "<group>";
		};
		CE76EDEA0994DBAD007B9067 /* Products */ = {
			isa = PBXGroup;
			children = (
				CE76EE330994DBAD007B9067 /* ROI-Enhancement.osirixplugin */,
			);
			name = Products;
			sourceTree = "<group>";
		};
		CE76EDED0994DBAD007B9067 /* Products */ = {
			isa = PBXGroup;
			children = (
				CE76EE360994DBAD007B9067 /* ResampleData.osirixplugin */,
			);
			name = Products;
			sourceTree = "<group>";
		};
		CE76EDF00994DBAD007B9067 /* Products */ = {
			isa = PBXGroup;
			children = (
				CE76EE390994DBAD007B9067 /* ReduceSeries.osirixplugin */,
			);
			name = Products;
			sourceTree = "<group>";
		};
		CE76EDF30994DBAD007B9067 /* Products */ = {
			isa = PBXGroup;
			children = (
				CE76EE3C0994DBAD007B9067 /* PDFtoDICOM.osirixplugin */,
			);
			name = Products;
			sourceTree = "<group>";
		};
		CE76EDFF0994DBAD007B9067 /* Products */ = {
			isa = PBXGroup;
			children = (
				CE76EE480994DBAD007B9067 /* JPEGtoDICOM.osirixplugin */,
			);
			name = Products;
			sourceTree = "<group>";
		};
		CE76EE020994DBAD007B9067 /* Products */ = {
			isa = PBXGroup;
			children = (
				CE76EE4B0994DBAD007B9067 /* Normalize.osirixplugin */,
			);
			name = Products;
			sourceTree = "<group>";
		};
		CE76EE080994DBAD007B9067 /* Products */ = {
			isa = PBXGroup;
			children = (
				CE76EE510994DBAD007B9067 /* OrthogonalReslice.osirixplugin */,
			);
			name = Products;
			sourceTree = "<group>";
		};
		CE76EE0E0994DBAD007B9067 /* Products */ = {
			isa = PBXGroup;
			children = (
				CE76EE570994DBAD007B9067 /* T2 Fit Map.osirixplugin */,
			);
			name = Products;
			sourceTree = "<group>";
		};
		CE76EE110994DBAD007B9067 /* Products */ = {
			isa = PBXGroup;
			children = (
				CE76EE5A0994DBAD007B9067 /* ExportROIs.osirixplugin */,
			);
			name = Products;
			sourceTree = "<group>";
		};
		CE76EE140994DBAD007B9067 /* Products */ = {
			isa = PBXGroup;
			children = (
				CE76EE5D0994DBAD007B9067 /* FillGaps.osirixplugin */,
			);
			name = Products;
			sourceTree = "<group>";
		};
		CE76EE170994DBAD007B9067 /* Products */ = {
			isa = PBXGroup;
			children = (
				CE76EE600994DBAD007B9067 /* Invert Data.osirixplugin */,
			);
			name = Products;
			sourceTree = "<group>";
		};
		CE76EE1A0994DBAD007B9067 /* Products */ = {
			isa = PBXGroup;
			children = (
				CE76EE630994DBAD007B9067 /* Duplicate.osirixplugin */,
			);
			name = Products;
			sourceTree = "<group>";
		};
		CE76EE1D0994DBAD007B9067 /* Products */ = {
			isa = PBXGroup;
			children = (
				CE76EE660994DBAD007B9067 /* CreateROI.osirixplugin */,
			);
			name = Products;
			sourceTree = "<group>";
		};
		CE76EE230994DBAD007B9067 /* Products */ = {
			isa = PBXGroup;
			children = (
				CE76EE6C0994DBAD007B9067 /* Subtraction Angio-CT.osirixplugin */,
			);
			name = Products;
			sourceTree = "<group>";
		};
		CE76EE260994DBAD007B9067 /* Products */ = {
			isa = PBXGroup;
			children = (
				CE76EE6F0994DBAD007B9067 /* Invert.osirixplugin */,
			);
			name = Products;
			sourceTree = "<group>";
		};
/* End PBXGroup section */

/* Begin PBXProject section */
		CE76EBF20994DA4C007B9067 /* Project object */ = {
			isa = PBXProject;
			attributes = {
				BuildIndependentTargetsInParallel = YES;
			};
			buildConfigurationList = CE76EBF30994DA4C007B9067 /* Build configuration list for PBXProject "buildAll" */;
			compatibilityVersion = "Xcode 3.0";
			hasScannedForEncodings = 0;
			mainGroup = CE76EBF00994DA4C007B9067;
			projectDirPath = "";
			projectReferences = (
				{
					ProductGroup = CE47B53F0CD0C62A00293F52 /* Products */;
					ProjectRef = CE47B53E0CD0C62A00293F52 /* Cobb.xcodeproj */;
				},
				{
					ProductGroup = CE76EE1D0994DBAD007B9067 /* Products */;
					ProjectRef = CE76EE1C0994DBAD007B9067 /* CreateROI.xcodeproj */;
				},
				{
					ProductGroup = CE76EE1A0994DBAD007B9067 /* Products */;
					ProjectRef = CE76EE190994DBAD007B9067 /* Duplicate.xcodeproj */;
				},
				{
					ProductGroup = CE38EC7A0994E11F008E1A2D /* Products */;
					ProjectRef = CE38EC790994E11F008E1A2D /* EjectionFraction.xcodeproj */;
				},
				{
					ProductGroup = CE76EE110994DBAD007B9067 /* Products */;
					ProjectRef = CE76EE100994DBAD007B9067 /* ExportROIs.xcodeproj */;
				},
				{
					ProductGroup = CE76EE140994DBAD007B9067 /* Products */;
					ProjectRef = CE76EE130994DBAD007B9067 /* FillGaps.xcodeproj */;
				},
				{
					ProductGroup = CE76EE230994DBAD007B9067 /* Products */;
					ProjectRef = CE76EE220994DBAD007B9067 /* Fusion.xcodeproj */;
				},
				{
					ProductGroup = CE76EE260994DBAD007B9067 /* Products */;
					ProjectRef = CE76EE250994DBAD007B9067 /* Invert.xcodeproj */;
				},
				{
					ProductGroup = CE76EE170994DBAD007B9067 /* Products */;
					ProjectRef = CE76EE160994DBAD007B9067 /* Invert.xcodeproj */;
				},
				{
					ProductGroup = CE76EDFF0994DBAD007B9067 /* Products */;
					ProjectRef = CE76EDFE0994DBAD007B9067 /* JpegToDicom.xcodeproj */;
				},
				{
					ProductGroup = CE76EE0E0994DBAD007B9067 /* Products */;
					ProjectRef = CE76EE0D0994DBAD007B9067 /* Mapping.xcodeproj */;
				},
				{
					ProductGroup = CE0599D90CD0B5DE0078D119 /* Products */;
					ProjectRef = CE0599D80CD0B5DE0078D119 /* MappingRatio.xcodeproj */;
				},
				{
					ProductGroup = CE76EE020994DBAD007B9067 /* Products */;
					ProjectRef = CE76EE010994DBAD007B9067 /* Normalize.xcodeproj */;
				},
				{
					ProductGroup = CE76EE080994DBAD007B9067 /* Products */;
					ProjectRef = CE76EE070994DBAD007B9067 /* OrthogonalReslice.xcodeproj */;
				},
				{
					ProductGroup = CE76EDF30994DBAD007B9067 /* Products */;
					ProjectRef = CE76EDF20994DBAD007B9067 /* PDFToDicom.xcodeproj */;
				},
				{
					ProductGroup = CE76EDF00994DBAD007B9067 /* Products */;
					ProjectRef = CE76EDEF0994DBAD007B9067 /* ReduceSeries.xcodeproj */;
				},
				{
					ProductGroup = CE76EDED0994DBAD007B9067 /* Products */;
					ProjectRef = CE76EDEC0994DBAD007B9067 /* ResampleData.xcodeproj */;
				},
				{
					ProductGroup = CE76EDEA0994DBAD007B9067 /* Products */;
					ProjectRef = CE76EDE90994DBAD007B9067 /* ROI-Enhancement.xcodeproj */;
				},
				{
					ProductGroup = CE0599230CD0B42B0078D119 /* Products */;
					ProjectRef = CE0599220CD0B42B0078D119 /* xmlrpc.xcodeproj */;
				},
				{
					ProductGroup = CE0599AA0CD0B4970078D119 /* Products */;
					ProjectRef = CE0599A90CD0B4970078D119 /* XRayTemplatesPlugin.xcodeproj */;
				},
			);
			projectRoot = "";
			targets = (
				CE76EBFB0994DA64007B9067 /* plugins */,
			);
		};
/* End PBXProject section */

/* Begin PBXReferenceProxy section */
		CE05992A0CD0B42B0078D119 /* xmlrpc.osirixplugin */ = {
			isa = PBXReferenceProxy;
			fileType = wrapper.cfbundle;
			path = xmlrpc.osirixplugin;
			remoteRef = CE0599290CD0B42B0078D119 /* PBXContainerItemProxy */;
			sourceTree = BUILT_PRODUCTS_DIR;
		};
		CE0599B10CD0B4970078D119 /* XRayTemplatesPlugin.osirixplugin */ = {
			isa = PBXReferenceProxy;
			fileType = wrapper.cfbundle;
			path = XRayTemplatesPlugin.osirixplugin;
			remoteRef = CE0599B00CD0B4970078D119 /* PBXContainerItemProxy */;
			sourceTree = BUILT_PRODUCTS_DIR;
		};
		CE0599DD0CD0B5DE0078D119 /* Ratio T2 Map.osirixplugin */ = {
			isa = PBXReferenceProxy;
			fileType = wrapper.cfbundle;
			path = "Ratio T2 Map.osirixplugin";
			remoteRef = CE0599DC0CD0B5DE0078D119 /* PBXContainerItemProxy */;
			sourceTree = BUILT_PRODUCTS_DIR;
		};
		CE38EC7F0994E11F008E1A2D /* Ejection Fraction.osirixplugin */ = {
			isa = PBXReferenceProxy;
			fileType = wrapper.cfbundle;
			path = "Ejection Fraction.osirixplugin";
			remoteRef = CE38EC7E0994E11F008E1A2D /* PBXContainerItemProxy */;
			sourceTree = BUILT_PRODUCTS_DIR;
		};
		CE47B5460CD0C62A00293F52 /* Cobb.osirixplugin */ = {
			isa = PBXReferenceProxy;
			fileType = wrapper.cfbundle;
			path = Cobb.osirixplugin;
			remoteRef = CE47B5450CD0C62A00293F52 /* PBXContainerItemProxy */;
			sourceTree = BUILT_PRODUCTS_DIR;
		};
		CE76EE330994DBAD007B9067 /* ROI-Enhancement.osirixplugin */ = {
			isa = PBXReferenceProxy;
			fileType = wrapper.cfbundle;
			path = "ROI-Enhancement.osirixplugin";
			remoteRef = CE76EE320994DBAD007B9067 /* PBXContainerItemProxy */;
			sourceTree = BUILT_PRODUCTS_DIR;
		};
		CE76EE360994DBAD007B9067 /* ResampleData.osirixplugin */ = {
			isa = PBXReferenceProxy;
			fileType = wrapper.cfbundle;
			path = ResampleData.osirixplugin;
			remoteRef = CE76EE350994DBAD007B9067 /* PBXContainerItemProxy */;
			sourceTree = BUILT_PRODUCTS_DIR;
		};
		CE76EE390994DBAD007B9067 /* ReduceSeries.osirixplugin */ = {
			isa = PBXReferenceProxy;
			fileType = wrapper.cfbundle;
			path = ReduceSeries.osirixplugin;
			remoteRef = CE76EE380994DBAD007B9067 /* PBXContainerItemProxy */;
			sourceTree = BUILT_PRODUCTS_DIR;
		};
		CE76EE3C0994DBAD007B9067 /* PDFtoDICOM.osirixplugin */ = {
			isa = PBXReferenceProxy;
			fileType = wrapper.cfbundle;
			path = PDFtoDICOM.osirixplugin;
			remoteRef = CE76EE3B0994DBAD007B9067 /* PBXContainerItemProxy */;
			sourceTree = BUILT_PRODUCTS_DIR;
		};
		CE76EE480994DBAD007B9067 /* JPEGtoDICOM.osirixplugin */ = {
			isa = PBXReferenceProxy;
			fileType = wrapper.cfbundle;
			path = JPEGtoDICOM.osirixplugin;
			remoteRef = CE76EE470994DBAD007B9067 /* PBXContainerItemProxy */;
			sourceTree = BUILT_PRODUCTS_DIR;
		};
		CE76EE4B0994DBAD007B9067 /* Normalize.osirixplugin */ = {
			isa = PBXReferenceProxy;
			fileType = wrapper.cfbundle;
			path = Normalize.osirixplugin;
			remoteRef = CE76EE4A0994DBAD007B9067 /* PBXContainerItemProxy */;
			sourceTree = BUILT_PRODUCTS_DIR;
		};
		CE76EE510994DBAD007B9067 /* OrthogonalReslice.osirixplugin */ = {
			isa = PBXReferenceProxy;
			fileType = wrapper.cfbundle;
			path = OrthogonalReslice.osirixplugin;
			remoteRef = CE76EE500994DBAD007B9067 /* PBXContainerItemProxy */;
			sourceTree = BUILT_PRODUCTS_DIR;
		};
		CE76EE570994DBAD007B9067 /* T2 Fit Map.osirixplugin */ = {
			isa = PBXReferenceProxy;
			fileType = wrapper.cfbundle;
			path = "T2 Fit Map.osirixplugin";
			remoteRef = CE76EE560994DBAD007B9067 /* PBXContainerItemProxy */;
			sourceTree = BUILT_PRODUCTS_DIR;
		};
		CE76EE5A0994DBAD007B9067 /* ExportROIs.osirixplugin */ = {
			isa = PBXReferenceProxy;
			fileType = wrapper.cfbundle;
			path = ExportROIs.osirixplugin;
			remoteRef = CE76EE590994DBAD007B9067 /* PBXContainerItemProxy */;
			sourceTree = BUILT_PRODUCTS_DIR;
		};
		CE76EE5D0994DBAD007B9067 /* FillGaps.osirixplugin */ = {
			isa = PBXReferenceProxy;
			fileType = wrapper.cfbundle;
			path = FillGaps.osirixplugin;
			remoteRef = CE76EE5C0994DBAD007B9067 /* PBXContainerItemProxy */;
			sourceTree = BUILT_PRODUCTS_DIR;
		};
		CE76EE600994DBAD007B9067 /* Invert Data.osirixplugin */ = {
			isa = PBXReferenceProxy;
			fileType = wrapper.cfbundle;
			path = "Invert Data.osirixplugin";
			remoteRef = CE76EE5F0994DBAD007B9067 /* PBXContainerItemProxy */;
			sourceTree = BUILT_PRODUCTS_DIR;
		};
		CE76EE630994DBAD007B9067 /* Duplicate.osirixplugin */ = {
			isa = PBXReferenceProxy;
			fileType = wrapper.cfbundle;
			path = Duplicate.osirixplugin;
			remoteRef = CE76EE620994DBAD007B9067 /* PBXContainerItemProxy */;
			sourceTree = BUILT_PRODUCTS_DIR;
		};
		CE76EE660994DBAD007B9067 /* CreateROI.osirixplugin */ = {
			isa = PBXReferenceProxy;
			fileType = wrapper.cfbundle;
			path = CreateROI.osirixplugin;
			remoteRef = CE76EE650994DBAD007B9067 /* PBXContainerItemProxy */;
			sourceTree = BUILT_PRODUCTS_DIR;
		};
		CE76EE6C0994DBAD007B9067 /* Subtraction Angio-CT.osirixplugin */ = {
			isa = PBXReferenceProxy;
			fileType = wrapper.cfbundle;
			path = "Subtraction Angio-CT.osirixplugin";
			remoteRef = CE76EE6B0994DBAD007B9067 /* PBXContainerItemProxy */;
			sourceTree = BUILT_PRODUCTS_DIR;
		};
		CE76EE6F0994DBAD007B9067 /* Invert.osirixplugin */ = {
			isa = PBXReferenceProxy;
			fileType = wrapper.cfbundle;
			path = Invert.osirixplugin;
			remoteRef = CE76EE6E0994DBAD007B9067 /* PBXContainerItemProxy */;
			sourceTree = BUILT_PRODUCTS_DIR;
		};
/* End PBXReferenceProxy section */

/* Begin PBXTargetDependency section */
		CE0599B70CD0B4A90078D119 /* PBXTargetDependency */ = {
			isa = PBXTargetDependency;
			name = xmlrpc;
			targetProxy = CE0599B60CD0B4A90078D119 /* PBXContainerItemProxy */;
		};
		CE0599C10CD0B4B80078D119 /* PBXTargetDependency */ = {
			isa = PBXTargetDependency;
			name = JpegToDICOM;
			targetProxy = CE0599C00CD0B4B80078D119 /* PBXContainerItemProxy */;
		};
		CE0599C30CD0B4BB0078D119 /* PBXTargetDependency */ = {
			isa = PBXTargetDependency;
			name = PDFToDICOM;
			targetProxy = CE0599C20CD0B4BB0078D119 /* PBXContainerItemProxy */;
		};
		CE0599C70CD0B4C00078D119 /* PBXTargetDependency */ = {
			isa = PBXTargetDependency;
			name = XRayTemplatesPlugin;
			targetProxy = CE0599C60CD0B4C00078D119 /* PBXContainerItemProxy */;
		};
		CE0599E10CD0B5F80078D119 /* PBXTargetDependency */ = {
			isa = PBXTargetDependency;
			name = "Ratio T2 Map";
			targetProxy = CE0599E00CD0B5F80078D119 /* PBXContainerItemProxy */;
		};
		CE38EC810994E12D008E1A2D /* PBXTargetDependency */ = {
			isa = PBXTargetDependency;
			name = EjectionFraction;
			targetProxy = CE38EC800994E12D008E1A2D /* PBXContainerItemProxy */;
		};
		CE47B5480CD0C63200293F52 /* PBXTargetDependency */ = {
			isa = PBXTargetDependency;
			name = Cobb;
			targetProxy = CE47B5470CD0C63200293F52 /* PBXContainerItemProxy */;
		};
		CE76EE7D0994DBBD007B9067 /* PBXTargetDependency */ = {
			isa = PBXTargetDependency;
			name = "ROI-Enhancement";
			targetProxy = CE76EE7C0994DBBD007B9067 /* PBXContainerItemProxy */;
		};
		CE76EE7F0994DBBD007B9067 /* PBXTargetDependency */ = {
			isa = PBXTargetDependency;
			name = FillGaps;
			targetProxy = CE76EE7E0994DBBD007B9067 /* PBXContainerItemProxy */;
		};
		CE76EE810994DBBD007B9067 /* PBXTargetDependency */ = {
			isa = PBXTargetDependency;
			name = CreateROI;
			targetProxy = CE76EE800994DBBD007B9067 /* PBXContainerItemProxy */;
		};
		CE76EE830994DBBD007B9067 /* PBXTargetDependency */ = {
			isa = PBXTargetDependency;
			name = Invert;
			targetProxy = CE76EE820994DBBD007B9067 /* PBXContainerItemProxy */;
		};
		CE76EE8B0994DBBD007B9067 /* PBXTargetDependency */ = {
			isa = PBXTargetDependency;
			name = "T2 Fit Map";
			targetProxy = CE76EE8A0994DBBD007B9067 /* PBXContainerItemProxy */;
		};
		CE76EE8D0994DBBD007B9067 /* PBXTargetDependency */ = {
			isa = PBXTargetDependency;
			name = "Invert Data";
			targetProxy = CE76EE8C0994DBBD007B9067 /* PBXContainerItemProxy */;
		};
		CE76EE8F0994DBBD007B9067 /* PBXTargetDependency */ = {
			isa = PBXTargetDependency;
			name = ResampleData;
			targetProxy = CE76EE8E0994DBBD007B9067 /* PBXContainerItemProxy */;
		};
		CE76EE990994DBBD007B9067 /* PBXTargetDependency */ = {
			isa = PBXTargetDependency;
			name = OrthogonalReslice;
			targetProxy = CE76EE980994DBBD007B9067 /* PBXContainerItemProxy */;
		};
		CE76EE9D0994DBBD007B9067 /* PBXTargetDependency */ = {
			isa = PBXTargetDependency;
			name = ExportROIs;
			targetProxy = CE76EE9C0994DBBD007B9067 /* PBXContainerItemProxy */;
		};
		CE76EE9F0994DBBD007B9067 /* PBXTargetDependency */ = {
			isa = PBXTargetDependency;
			name = ReduceSeries;
			targetProxy = CE76EE9E0994DBBD007B9067 /* PBXContainerItemProxy */;
		};
		CE76EEA10994DBBD007B9067 /* PBXTargetDependency */ = {
			isa = PBXTargetDependency;
			name = Duplicate;
			targetProxy = CE76EEA00994DBBD007B9067 /* PBXContainerItemProxy */;
		};
		CE76EEA50994DBBD007B9067 /* PBXTargetDependency */ = {
			isa = PBXTargetDependency;
			name = "Subtraction Angio-CT";
			targetProxy = CE76EEA40994DBBD007B9067 /* PBXContainerItemProxy */;
		};
		CE76EEA90994DBBD007B9067 /* PBXTargetDependency */ = {
			isa = PBXTargetDependency;
			name = Normalize;
			targetProxy = CE76EEA80994DBBD007B9067 /* PBXContainerItemProxy */;
		};
/* End PBXTargetDependency section */

/* Begin XCBuildConfiguration section */
		CE76EBF40994DA4C007B9067 /* Debug */ = {
			isa = XCBuildConfiguration;
			buildSettings = {
				COPY_PHASE_STRIP = NO;
			};
			name = Debug;
		};
		CE76EBF50994DA4C007B9067 /* Release */ = {
			isa = XCBuildConfiguration;
			buildSettings = {
				COPY_PHASE_STRIP = YES;
			};
			name = Release;
		};
		CE76EC000994DA71007B9067 /* Debug */ = {
			isa = XCBuildConfiguration;
			buildSettings = {
				COPY_PHASE_STRIP = NO;
				GCC_DYNAMIC_NO_PIC = NO;
				GCC_GENERATE_DEBUGGING_SYMBOLS = YES;
				GCC_OPTIMIZATION_LEVEL = 0;
				PRODUCT_NAME = plugins;
			};
			name = Debug;
		};
		CE76EC010994DA71007B9067 /* Release */ = {
			isa = XCBuildConfiguration;
			buildSettings = {
				COPY_PHASE_STRIP = YES;
				GCC_ENABLE_FIX_AND_CONTINUE = NO;
				GCC_GENERATE_DEBUGGING_SYMBOLS = NO;
				PRODUCT_NAME = plugins;
				ZERO_LINK = NO;
			};
			name = Release;
		};
/* End XCBuildConfiguration section */

/* Begin XCConfigurationList section */
		CE76EBF30994DA4C007B9067 /* Build configuration list for PBXProject "buildAll" */ = {
			isa = XCConfigurationList;
			buildConfigurations = (
				CE76EBF40994DA4C007B9067 /* Debug */,
				CE76EBF50994DA4C007B9067 /* Release */,
			);
			defaultConfigurationIsVisible = 0;
			defaultConfigurationName = Release;
		};
		CE76EBFF0994DA71007B9067 /* Build configuration list for PBXAggregateTarget "plugins" */ = {
			isa = XCConfigurationList;
			buildConfigurations = (
				CE76EC000994DA71007B9067 /* Debug */,
				CE76EC010994DA71007B9067 /* Release */,
			);
			defaultConfigurationIsVisible = 0;
			defaultConfigurationName = Release;
		};
/* End XCConfigurationList section */
	};
	rootObject = CE76EBF20994DA4C007B9067 /* Project object */;
}
