// !$*UTF8*$!
{
	archiveVersion = 1;
	classes = {
	};
	objectVersion = 44;
	objects = {

/* Begin PBXBuildFile section */
		8D5B49AE048680CD000E48DA /* XRayTemplatesPlugin_Prefix.pch in Headers */ = {isa = PBXBuildFile; fileRef = 32DBCF630370AF2F00C91783 /* XRayTemplatesPlugin_Prefix.pch */; };
		8D5B49B0048680CD000E48DA /* InfoPlist.strings in Resources */ = {isa = PBXBuildFile; fileRef = 089C167DFE841241C02AAC07 /* InfoPlist.strings */; };
		8D5B49B4048680CD000E48DA /* Cocoa.framework in Frameworks */ = {isa = PBXBuildFile; fileRef = 1058C7ADFEA557BF11CA2CBB /* Cocoa.framework */; };
		A92546410BDF5DC0000B6082 /* HUDButtonFillN.tiff in Resources */ = {isa = PBXBuildFile; fileRef = A92545A70BDF5DBF000B6082 /* HUDButtonFillN.tiff */; };
		A92546420BDF5DC0000B6082 /* HUDButtonFillP.tiff in Resources */ = {isa = PBXBuildFile; fileRef = A92545A80BDF5DBF000B6082 /* HUDButtonFillP.tiff */; };
		A92546430BDF5DC0000B6082 /* HUDButtonLeftN.tiff in Resources */ = {isa = PBXBuildFile; fileRef = A92545A90BDF5DBF000B6082 /* HUDButtonLeftN.tiff */; };
		A92546440BDF5DC0000B6082 /* HUDButtonLeftP.tiff in Resources */ = {isa = PBXBuildFile; fileRef = A92545AA0BDF5DBF000B6082 /* HUDButtonLeftP.tiff */; };
		A92546450BDF5DC0000B6082 /* HUDButtonRightN.tiff in Resources */ = {isa = PBXBuildFile; fileRef = A92545AB0BDF5DBF000B6082 /* HUDButtonRightN.tiff */; };
		A92546460BDF5DC0000B6082 /* HUDButtonRightP.tiff in Resources */ = {isa = PBXBuildFile; fileRef = A92545AC0BDF5DBF000B6082 /* HUDButtonRightP.tiff */; };
		A92546470BDF5DC0000B6082 /* HUDCheckboxOffN.tiff in Resources */ = {isa = PBXBuildFile; fileRef = A92545AD0BDF5DBF000B6082 /* HUDCheckboxOffN.tiff */; };
		A92546480BDF5DC0000B6082 /* HUDCheckboxOffP.tiff in Resources */ = {isa = PBXBuildFile; fileRef = A92545AE0BDF5DBF000B6082 /* HUDCheckboxOffP.tiff */; };
		A92546490BDF5DC0000B6082 /* HUDCheckboxOnN.tiff in Resources */ = {isa = PBXBuildFile; fileRef = A92545AF0BDF5DBF000B6082 /* HUDCheckboxOnN.tiff */; };
		A925464A0BDF5DC0000B6082 /* HUDCheckboxOnP.tiff in Resources */ = {isa = PBXBuildFile; fileRef = A92545B00BDF5DBF000B6082 /* HUDCheckboxOnP.tiff */; };
		A925464B0BDF5DC0000B6082 /* HUDCloseButton.tiff in Resources */ = {isa = PBXBuildFile; fileRef = A92545B10BDF5DBF000B6082 /* HUDCloseButton.tiff */; };
		A925464C0BDF5DC0000B6082 /* HUDPopUpFillN.tiff in Resources */ = {isa = PBXBuildFile; fileRef = A92545B20BDF5DBF000B6082 /* HUDPopUpFillN.tiff */; };
		A925464D0BDF5DC0000B6082 /* HUDPopUpFillP.tiff in Resources */ = {isa = PBXBuildFile; fileRef = A92545B30BDF5DBF000B6082 /* HUDPopUpFillP.tiff */; };
		A925464E0BDF5DC0000B6082 /* HUDPopUpLeftN.tiff in Resources */ = {isa = PBXBuildFile; fileRef = A92545B40BDF5DBF000B6082 /* HUDPopUpLeftN.tiff */; };
		A925464F0BDF5DC0000B6082 /* HUDPopUpLeftP.tiff in Resources */ = {isa = PBXBuildFile; fileRef = A92545B50BDF5DBF000B6082 /* HUDPopUpLeftP.tiff */; };
		A92546500BDF5DC0000B6082 /* HUDPopUpRightN.tiff in Resources */ = {isa = PBXBuildFile; fileRef = A92545B60BDF5DBF000B6082 /* HUDPopUpRightN.tiff */; };
		A92546510BDF5DC0000B6082 /* HUDPopUpRightP.tiff in Resources */ = {isa = PBXBuildFile; fileRef = A92545B70BDF5DBF000B6082 /* HUDPopUpRightP.tiff */; };
		A92546520BDF5DC0000B6082 /* HUDSliderKnob.tiff in Resources */ = {isa = PBXBuildFile; fileRef = A92545B80BDF5DBF000B6082 /* HUDSliderKnob.tiff */; };
		A92546530BDF5DC0000B6082 /* HUDSliderKnobRound.tiff in Resources */ = {isa = PBXBuildFile; fileRef = A92545B90BDF5DBF000B6082 /* HUDSliderKnobRound.tiff */; };
		A92546540BDF5DC0000B6082 /* HUDSliderTrack.tiff in Resources */ = {isa = PBXBuildFile; fileRef = A92545BA0BDF5DBF000B6082 /* HUDSliderTrack.tiff */; };
		A92546550BDF5DC0000B6082 /* HUDSliderTrack5Tick.tiff in Resources */ = {isa = PBXBuildFile; fileRef = A92545BB0BDF5DBF000B6082 /* HUDSliderTrack5Tick.tiff */; };
		A92546560BDF5DC0000B6082 /* HUDSliderTrackFill.tiff in Resources */ = {isa = PBXBuildFile; fileRef = A92545BC0BDF5DBF000B6082 /* HUDSliderTrackFill.tiff */; };
		A92546570BDF5DC0000B6082 /* HUDSliderTrackLeft.tiff in Resources */ = {isa = PBXBuildFile; fileRef = A92545BD0BDF5DBF000B6082 /* HUDSliderTrackLeft.tiff */; };
		A92546580BDF5DC0000B6082 /* HUDSliderTrackRight.tiff in Resources */ = {isa = PBXBuildFile; fileRef = A92545BE0BDF5DBF000B6082 /* HUDSliderTrackRight.tiff */; };
		A92546600BDF5DC0000B6082 /* NFHUDButton.h in Headers */ = {isa = PBXBuildFile; fileRef = A92545C90BDF5DBF000B6082 /* NFHUDButton.h */; };
		A92546610BDF5DC0000B6082 /* NFHUDButton.m in Sources */ = {isa = PBXBuildFile; fileRef = A92545CA0BDF5DBF000B6082 /* NFHUDButton.m */; };
		A92546620BDF5DC0000B6082 /* NFHUDButtonCell.h in Headers */ = {isa = PBXBuildFile; fileRef = A92545CB0BDF5DBF000B6082 /* NFHUDButtonCell.h */; };
		A92546630BDF5DC0000B6082 /* NFHUDButtonCell.m in Sources */ = {isa = PBXBuildFile; fileRef = A92545CC0BDF5DBF000B6082 /* NFHUDButtonCell.m */; };
		A92546660BDF5DC0000B6082 /* NFHUDPopUpButton.h in Headers */ = {isa = PBXBuildFile; fileRef = A92545CF0BDF5DBF000B6082 /* NFHUDPopUpButton.h */; };
		A92546670BDF5DC0000B6082 /* NFHUDPopUpButton.m in Sources */ = {isa = PBXBuildFile; fileRef = A92545D00BDF5DBF000B6082 /* NFHUDPopUpButton.m */; };
		A92546680BDF5DC0000B6082 /* NFHUDPopUpButtonCell.h in Headers */ = {isa = PBXBuildFile; fileRef = A92545D10BDF5DBF000B6082 /* NFHUDPopUpButtonCell.h */; };
		A92546690BDF5DC0000B6082 /* NFHUDPopUpButtonCell.m in Sources */ = {isa = PBXBuildFile; fileRef = A92545D20BDF5DBF000B6082 /* NFHUDPopUpButtonCell.m */; };
		A925466A0BDF5DC0000B6082 /* NFHUDSlider.h in Headers */ = {isa = PBXBuildFile; fileRef = A92545D30BDF5DBF000B6082 /* NFHUDSlider.h */; };
		A925466B0BDF5DC0000B6082 /* NFHUDSlider.m in Sources */ = {isa = PBXBuildFile; fileRef = A92545D40BDF5DBF000B6082 /* NFHUDSlider.m */; };
		A925466C0BDF5DC0000B6082 /* NFHUDSliderCell.h in Headers */ = {isa = PBXBuildFile; fileRef = A92545D50BDF5DBF000B6082 /* NFHUDSliderCell.h */; };
		A925466D0BDF5DC0000B6082 /* NFHUDSliderCell.m in Sources */ = {isa = PBXBuildFile; fileRef = A92545D60BDF5DBF000B6082 /* NFHUDSliderCell.m */; };
		A9459DD90BE1F5DF000E85FF /* SendController.h in Headers */ = {isa = PBXBuildFile; fileRef = A9459DD80BE1F5DF000E85FF /* SendController.h */; };
		A97756600CD0892F00639826 /* NSImage+FrameworkImage.m in Sources */ = {isa = PBXBuildFile; fileRef = A977565E0CD0892F00639826 /* NSImage+FrameworkImage.m */; };
		A97756610CD0892F00639826 /* NSImage+FrameworkImage.h in Headers */ = {isa = PBXBuildFile; fileRef = A977565F0CD0892F00639826 /* NSImage+FrameworkImage.h */; };
		A9969D5F0C0C813600B12D9A /* Info.plist in Resources */ = {isa = PBXBuildFile; fileRef = 8D5B49B7048680CD000E48DA /* Info.plist */; };
		A9F8BEED0B9DD21E00FDB71F /* Quartz.framework in Frameworks */ = {isa = PBXBuildFile; fileRef = A9F8BEEC0B9DD21E00FDB71F /* Quartz.framework */; };
		A9F95E900BC37FE400BD8AC8 /* DisclosureBox.h in Headers */ = {isa = PBXBuildFile; fileRef = A9F95E860BC37FE400BD8AC8 /* DisclosureBox.h */; };
		A9F95E910BC37FE400BD8AC8 /* DisclosureBox.m in Sources */ = {isa = PBXBuildFile; fileRef = A9F95E870BC37FE400BD8AC8 /* DisclosureBox.m */; };
		A9F95E920BC37FE400BD8AC8 /* Step.h in Headers */ = {isa = PBXBuildFile; fileRef = A9F95E880BC37FE400BD8AC8 /* Step.h */; };
		A9F95E930BC37FE400BD8AC8 /* Step.m in Sources */ = {isa = PBXBuildFile; fileRef = A9F95E890BC37FE400BD8AC8 /* Step.m */; };
		A9F95E940BC37FE400BD8AC8 /* StepByStep.h in Headers */ = {isa = PBXBuildFile; fileRef = A9F95E8A0BC37FE400BD8AC8 /* StepByStep.h */; };
		A9F95E950BC37FE400BD8AC8 /* StepByStep.m in Sources */ = {isa = PBXBuildFile; fileRef = A9F95E8B0BC37FE400BD8AC8 /* StepByStep.m */; };
		A9F95E960BC37FE400BD8AC8 /* StepByStepView.h in Headers */ = {isa = PBXBuildFile; fileRef = A9F95E8C0BC37FE400BD8AC8 /* StepByStepView.h */; };
		A9F95E970BC37FE400BD8AC8 /* StepByStepView.m in Sources */ = {isa = PBXBuildFile; fileRef = A9F95E8D0BC37FE400BD8AC8 /* StepByStepView.m */; };
		A9F95E980BC37FE400BD8AC8 /* StepView.h in Headers */ = {isa = PBXBuildFile; fileRef = A9F95E8E0BC37FE400BD8AC8 /* StepView.h */; };
		A9F95E990BC37FE400BD8AC8 /* StepView.m in Sources */ = {isa = PBXBuildFile; fileRef = A9F95E8F0BC37FE400BD8AC8 /* StepView.m */; };
		A9F95EB10BC3806800BD8AC8 /* XRayTemplateStepByStepController.h in Headers */ = {isa = PBXBuildFile; fileRef = A9F95EAF0BC3806800BD8AC8 /* XRayTemplateStepByStepController.h */; };
		A9F95EB20BC3806800BD8AC8 /* XRayTemplateStepByStepController.m in Sources */ = {isa = PBXBuildFile; fileRef = A9F95EB00BC3806800BD8AC8 /* XRayTemplateStepByStepController.m */; };
		A9F95F1F0BC390F000BD8AC8 /* StepByStepPanel.nib in Resources */ = {isa = PBXBuildFile; fileRef = A9F95F1E0BC390F000BD8AC8 /* StepByStepPanel.nib */; };
		A9FA564C0B9C2D0D009D7BF8 /* TemplatePanel.nib in Resources */ = {isa = PBXBuildFile; fileRef = A9FA564B0B9C2D0D009D7BF8 /* TemplatePanel.nib */; };
		A9FA56540B9C47A1009D7BF8 /* XRayTemplateWindowController.h in Headers */ = {isa = PBXBuildFile; fileRef = A9FA56520B9C47A1009D7BF8 /* XRayTemplateWindowController.h */; };
		A9FA56550B9C47A1009D7BF8 /* XRayTemplateWindowController.m in Sources */ = {isa = PBXBuildFile; fileRef = A9FA56530B9C47A1009D7BF8 /* XRayTemplateWindowController.m */; };
		A9FA56B00B9C4ADD009D7BF8 /* OSIWindowController.h in Headers */ = {isa = PBXBuildFile; fileRef = A9FA56AF0B9C4ADD009D7BF8 /* OSIWindowController.h */; };
		A9FA5DB60B9C68D1009D7BF8 /* browserController.h in Headers */ = {isa = PBXBuildFile; fileRef = A9FA5DB50B9C68D1009D7BF8 /* browserController.h */; };
		A9FBB3FE0BAEC4B00032F6CA /* XRayTemplatesPluginIcon.tiff in Resources */ = {isa = PBXBuildFile; fileRef = A9FBB3FD0BAEC4B00032F6CA /* XRayTemplatesPluginIcon.tiff */; };
		A9FBB40A0BAEC5850032F6CA /* XRayTemplate.h in Headers */ = {isa = PBXBuildFile; fileRef = A9FBB4080BAEC5850032F6CA /* XRayTemplate.h */; };
		A9FBB40B0BAEC5850032F6CA /* XRayTemplate.m in Sources */ = {isa = PBXBuildFile; fileRef = A9FBB4090BAEC5850032F6CA /* XRayTemplate.m */; };
		A9FBB4190BAECA7F0032F6CA /* ZimmerTemplate.h in Headers */ = {isa = PBXBuildFile; fileRef = A9FBB4170BAECA7F0032F6CA /* ZimmerTemplate.h */; };
		A9FBB41A0BAECA7F0032F6CA /* ZimmerTemplate.m in Sources */ = {isa = PBXBuildFile; fileRef = A9FBB4180BAECA7F0032F6CA /* ZimmerTemplate.m */; };
		A9FCA4B50B9EF58700939475 /* XRayTemplateTableView.h in Headers */ = {isa = PBXBuildFile; fileRef = A9FCA4B30B9EF58700939475 /* XRayTemplateTableView.h */; };
		A9FCA4B60B9EF58700939475 /* XRayTemplateTableView.m in Sources */ = {isa = PBXBuildFile; fileRef = A9FCA4B40B9EF58700939475 /* XRayTemplateTableView.m */; };
		ABA48A650680BB600089EB4F /* XRayTemplatesPluginFilter.h in Headers */ = {isa = PBXBuildFile; fileRef = ABA48A640680BB600089EB4F /* XRayTemplatesPluginFilter.h */; };
		ABA48A670680BB690089EB4F /* XRayTemplatesPluginFilter.m in Sources */ = {isa = PBXBuildFile; fileRef = ABA48A660680BB690089EB4F /* XRayTemplatesPluginFilter.m */; };
		ABB76340067FB2A8000912C1 /* DCMPix.h in Headers */ = {isa = PBXBuildFile; fileRef = ABB76339067FB2A8000912C1 /* DCMPix.h */; };
		ABB76341067FB2A8000912C1 /* DCMView.h in Headers */ = {isa = PBXBuildFile; fileRef = ABB7633A067FB2A8000912C1 /* DCMView.h */; };
		ABB76342067FB2A8000912C1 /* dicomFile.h in Headers */ = {isa = PBXBuildFile; fileRef = ABB7633B067FB2A8000912C1 /* dicomFile.h */; };
		ABB76343067FB2A8000912C1 /* MyPoint.h in Headers */ = {isa = PBXBuildFile; fileRef = ABB7633C067FB2A8000912C1 /* MyPoint.h */; };
		ABB76344067FB2A8000912C1 /* PluginFilter.h in Headers */ = {isa = PBXBuildFile; fileRef = ABB7633D067FB2A8000912C1 /* PluginFilter.h */; };
		ABB76345067FB2A8000912C1 /* ROI.h in Headers */ = {isa = PBXBuildFile; fileRef = ABB7633E067FB2A8000912C1 /* ROI.h */; };
		ABB76346067FB2A8000912C1 /* ViewerController.h in Headers */ = {isa = PBXBuildFile; fileRef = ABB7633F067FB2A8000912C1 /* ViewerController.h */; };
		CE0D09FD0C8482410074DEB1 /* OsiriX.framework in Frameworks */ = {isa = PBXBuildFile; fileRef = CE0D09FC0C8482410074DEB1 /* OsiriX.framework */; };
/* End PBXBuildFile section */

/* Begin PBXCopyFilesBuildPhase section */
		A966552D0C05E6580094A4FB /* CopyFiles */ = {
			isa = PBXCopyFilesBuildPhase;
			buildActionMask = 2147483647;
			dstPath = "";
			dstSubfolderSpec = 10;
			files = (
			);
			runOnlyForDeploymentPostprocessing = 0;
		};
/* End PBXCopyFilesBuildPhase section */

/* Begin PBXFileReference section */
		089C1672FE841209C02AAC07 /* Foundation.framework */ = {isa = PBXFileReference; lastKnownFileType = wrapper.framework; name = Foundation.framework; path = /System/Library/Frameworks/Foundation.framework; sourceTree = "<absolute>"; };
		089C167EFE841241C02AAC07 /* English */ = {isa = PBXFileReference; fileEncoding = 10; lastKnownFileType = text.plist.strings; name = English; path = English.lproj/InfoPlist.strings; sourceTree = "<group>"; };
		089C167FFE841241C02AAC07 /* AppKit.framework */ = {isa = PBXFileReference; lastKnownFileType = wrapper.framework; name = AppKit.framework; path = /System/Library/Frameworks/AppKit.framework; sourceTree = "<absolute>"; };
		1058C7ADFEA557BF11CA2CBB /* Cocoa.framework */ = {isa = PBXFileReference; lastKnownFileType = wrapper.framework; name = Cocoa.framework; path = /System/Library/Frameworks/Cocoa.framework; sourceTree = "<absolute>"; };
		32DBCF630370AF2F00C91783 /* XRayTemplatesPlugin_Prefix.pch */ = {isa = PBXFileReference; fileEncoding = 4; lastKnownFileType = sourcecode.c.h; path = XRayTemplatesPlugin_Prefix.pch; sourceTree = "<group>"; };
		8D5B49B7048680CD000E48DA /* Info.plist */ = {isa = PBXFileReference; fileEncoding = 4; lastKnownFileType = text.xml; path = Info.plist; sourceTree = "<group>"; };
		A925459E0BDF5DBF000B6082 /* Credits.txt */ = {isa = PBXFileReference; fileEncoding = 30; lastKnownFileType = text; path = Credits.txt; sourceTree = "<group>"; };
		A92545A70BDF5DBF000B6082 /* HUDButtonFillN.tiff */ = {isa = PBXFileReference; lastKnownFileType = image.tiff; path = HUDButtonFillN.tiff; sourceTree = "<group>"; };
		A92545A80BDF5DBF000B6082 /* HUDButtonFillP.tiff */ = {isa = PBXFileReference; lastKnownFileType = image.tiff; path = HUDButtonFillP.tiff; sourceTree = "<group>"; };
		A92545A90BDF5DBF000B6082 /* HUDButtonLeftN.tiff */ = {isa = PBXFileReference; lastKnownFileType = image.tiff; path = HUDButtonLeftN.tiff; sourceTree = "<group>"; };
		A92545AA0BDF5DBF000B6082 /* HUDButtonLeftP.tiff */ = {isa = PBXFileReference; lastKnownFileType = image.tiff; path = HUDButtonLeftP.tiff; sourceTree = "<group>"; };
		A92545AB0BDF5DBF000B6082 /* HUDButtonRightN.tiff */ = {isa = PBXFileReference; lastKnownFileType = image.tiff; path = HUDButtonRightN.tiff; sourceTree = "<group>"; };
		A92545AC0BDF5DBF000B6082 /* HUDButtonRightP.tiff */ = {isa = PBXFileReference; lastKnownFileType = image.tiff; path = HUDButtonRightP.tiff; sourceTree = "<group>"; };
		A92545AD0BDF5DBF000B6082 /* HUDCheckboxOffN.tiff */ = {isa = PBXFileReference; lastKnownFileType = image.tiff; path = HUDCheckboxOffN.tiff; sourceTree = "<group>"; };
		A92545AE0BDF5DBF000B6082 /* HUDCheckboxOffP.tiff */ = {isa = PBXFileReference; lastKnownFileType = image.tiff; path = HUDCheckboxOffP.tiff; sourceTree = "<group>"; };
		A92545AF0BDF5DBF000B6082 /* HUDCheckboxOnN.tiff */ = {isa = PBXFileReference; lastKnownFileType = image.tiff; path = HUDCheckboxOnN.tiff; sourceTree = "<group>"; };
		A92545B00BDF5DBF000B6082 /* HUDCheckboxOnP.tiff */ = {isa = PBXFileReference; lastKnownFileType = image.tiff; path = HUDCheckboxOnP.tiff; sourceTree = "<group>"; };
		A92545B10BDF5DBF000B6082 /* HUDCloseButton.tiff */ = {isa = PBXFileReference; lastKnownFileType = image.tiff; path = HUDCloseButton.tiff; sourceTree = "<group>"; };
		A92545B20BDF5DBF000B6082 /* HUDPopUpFillN.tiff */ = {isa = PBXFileReference; lastKnownFileType = image.tiff; path = HUDPopUpFillN.tiff; sourceTree = "<group>"; };
		A92545B30BDF5DBF000B6082 /* HUDPopUpFillP.tiff */ = {isa = PBXFileReference; lastKnownFileType = image.tiff; path = HUDPopUpFillP.tiff; sourceTree = "<group>"; };
		A92545B40BDF5DBF000B6082 /* HUDPopUpLeftN.tiff */ = {isa = PBXFileReference; lastKnownFileType = image.tiff; path = HUDPopUpLeftN.tiff; sourceTree = "<group>"; };
		A92545B50BDF5DBF000B6082 /* HUDPopUpLeftP.tiff */ = {isa = PBXFileReference; lastKnownFileType = image.tiff; path = HUDPopUpLeftP.tiff; sourceTree = "<group>"; };
		A92545B60BDF5DBF000B6082 /* HUDPopUpRightN.tiff */ = {isa = PBXFileReference; lastKnownFileType = image.tiff; path = HUDPopUpRightN.tiff; sourceTree = "<group>"; };
		A92545B70BDF5DBF000B6082 /* HUDPopUpRightP.tiff */ = {isa = PBXFileReference; lastKnownFileType = image.tiff; path = HUDPopUpRightP.tiff; sourceTree = "<group>"; };
		A92545B80BDF5DBF000B6082 /* HUDSliderKnob.tiff */ = {isa = PBXFileReference; lastKnownFileType = image.tiff; path = HUDSliderKnob.tiff; sourceTree = "<group>"; };
		A92545B90BDF5DBF000B6082 /* HUDSliderKnobRound.tiff */ = {isa = PBXFileReference; lastKnownFileType = image.tiff; path = HUDSliderKnobRound.tiff; sourceTree = "<group>"; };
		A92545BA0BDF5DBF000B6082 /* HUDSliderTrack.tiff */ = {isa = PBXFileReference; lastKnownFileType = image.tiff; path = HUDSliderTrack.tiff; sourceTree = "<group>"; };
		A92545BB0BDF5DBF000B6082 /* HUDSliderTrack5Tick.tiff */ = {isa = PBXFileReference; lastKnownFileType = image.tiff; path = HUDSliderTrack5Tick.tiff; sourceTree = "<group>"; };
		A92545BC0BDF5DBF000B6082 /* HUDSliderTrackFill.tiff */ = {isa = PBXFileReference; lastKnownFileType = image.tiff; path = HUDSliderTrackFill.tiff; sourceTree = "<group>"; };
		A92545BD0BDF5DBF000B6082 /* HUDSliderTrackLeft.tiff */ = {isa = PBXFileReference; lastKnownFileType = image.tiff; path = HUDSliderTrackLeft.tiff; sourceTree = "<group>"; };
		A92545BE0BDF5DBF000B6082 /* HUDSliderTrackRight.tiff */ = {isa = PBXFileReference; lastKnownFileType = image.tiff; path = HUDSliderTrackRight.tiff; sourceTree = "<group>"; };
		A92545C90BDF5DBF000B6082 /* NFHUDButton.h */ = {isa = PBXFileReference; fileEncoding = 30; lastKnownFileType = sourcecode.c.h; path = NFHUDButton.h; sourceTree = "<group>"; };
		A92545CA0BDF5DBF000B6082 /* NFHUDButton.m */ = {isa = PBXFileReference; fileEncoding = 30; lastKnownFileType = sourcecode.c.objc; path = NFHUDButton.m; sourceTree = "<group>"; };
		A92545CB0BDF5DBF000B6082 /* NFHUDButtonCell.h */ = {isa = PBXFileReference; fileEncoding = 30; lastKnownFileType = sourcecode.c.h; path = NFHUDButtonCell.h; sourceTree = "<group>"; };
		A92545CC0BDF5DBF000B6082 /* NFHUDButtonCell.m */ = {isa = PBXFileReference; fileEncoding = 30; lastKnownFileType = sourcecode.c.objc; path = NFHUDButtonCell.m; sourceTree = "<group>"; };
		A92545CF0BDF5DBF000B6082 /* NFHUDPopUpButton.h */ = {isa = PBXFileReference; fileEncoding = 30; lastKnownFileType = sourcecode.c.h; path = NFHUDPopUpButton.h; sourceTree = "<group>"; };
		A92545D00BDF5DBF000B6082 /* NFHUDPopUpButton.m */ = {isa = PBXFileReference; fileEncoding = 30; lastKnownFileType = sourcecode.c.objc; path = NFHUDPopUpButton.m; sourceTree = "<group>"; };
		A92545D10BDF5DBF000B6082 /* NFHUDPopUpButtonCell.h */ = {isa = PBXFileReference; fileEncoding = 30; lastKnownFileType = sourcecode.c.h; path = NFHUDPopUpButtonCell.h; sourceTree = "<group>"; };
		A92545D20BDF5DBF000B6082 /* NFHUDPopUpButtonCell.m */ = {isa = PBXFileReference; fileEncoding = 30; lastKnownFileType = sourcecode.c.objc; path = NFHUDPopUpButtonCell.m; sourceTree = "<group>"; };
		A92545D30BDF5DBF000B6082 /* NFHUDSlider.h */ = {isa = PBXFileReference; fileEncoding = 30; lastKnownFileType = sourcecode.c.h; path = NFHUDSlider.h; sourceTree = "<group>"; };
		A92545D40BDF5DBF000B6082 /* NFHUDSlider.m */ = {isa = PBXFileReference; fileEncoding = 30; lastKnownFileType = sourcecode.c.objc; path = NFHUDSlider.m; sourceTree = "<group>"; };
		A92545D50BDF5DBF000B6082 /* NFHUDSliderCell.h */ = {isa = PBXFileReference; fileEncoding = 30; lastKnownFileType = sourcecode.c.h; path = NFHUDSliderCell.h; sourceTree = "<group>"; };
		A92545D60BDF5DBF000B6082 /* NFHUDSliderCell.m */ = {isa = PBXFileReference; fileEncoding = 30; lastKnownFileType = sourcecode.c.objc; path = NFHUDSliderCell.m; sourceTree = "<group>"; };
		A9459DD80BE1F5DF000E85FF /* SendController.h */ = {isa = PBXFileReference; fileEncoding = 30; lastKnownFileType = sourcecode.c.h; path = SendController.h; sourceTree = "<group>"; };
		A977565E0CD0892F00639826 /* NSImage+FrameworkImage.m */ = {isa = PBXFileReference; fileEncoding = 4; lastKnownFileType = sourcecode.c.objc; path = "NSImage+FrameworkImage.m"; sourceTree = "<group>"; };
		A977565F0CD0892F00639826 /* NSImage+FrameworkImage.h */ = {isa = PBXFileReference; fileEncoding = 4; lastKnownFileType = sourcecode.c.h; path = "NSImage+FrameworkImage.h"; sourceTree = "<group>"; };
		A9F8BEEC0B9DD21E00FDB71F /* Quartz.framework */ = {isa = PBXFileReference; lastKnownFileType = wrapper.framework; name = Quartz.framework; path = /System/Library/Frameworks/Quartz.framework; sourceTree = "<absolute>"; };
		A9F95E860BC37FE400BD8AC8 /* DisclosureBox.h */ = {isa = PBXFileReference; fileEncoding = 30; lastKnownFileType = sourcecode.c.h; path = DisclosureBox.h; sourceTree = "<group>"; };
		A9F95E870BC37FE400BD8AC8 /* DisclosureBox.m */ = {isa = PBXFileReference; fileEncoding = 30; lastKnownFileType = sourcecode.c.objc; path = DisclosureBox.m; sourceTree = "<group>"; };
		A9F95E880BC37FE400BD8AC8 /* Step.h */ = {isa = PBXFileReference; fileEncoding = 30; lastKnownFileType = sourcecode.c.h; path = Step.h; sourceTree = "<group>"; };
		A9F95E890BC37FE400BD8AC8 /* Step.m */ = {isa = PBXFileReference; fileEncoding = 30; lastKnownFileType = sourcecode.c.objc; path = Step.m; sourceTree = "<group>"; };
		A9F95E8A0BC37FE400BD8AC8 /* StepByStep.h */ = {isa = PBXFileReference; fileEncoding = 30; lastKnownFileType = sourcecode.c.h; path = StepByStep.h; sourceTree = "<group>"; };
		A9F95E8B0BC37FE400BD8AC8 /* StepByStep.m */ = {isa = PBXFileReference; fileEncoding = 30; lastKnownFileType = sourcecode.c.objc; path = StepByStep.m; sourceTree = "<group>"; };
		A9F95E8C0BC37FE400BD8AC8 /* StepByStepView.h */ = {isa = PBXFileReference; fileEncoding = 30; lastKnownFileType = sourcecode.c.h; path = StepByStepView.h; sourceTree = "<group>"; };
		A9F95E8D0BC37FE400BD8AC8 /* StepByStepView.m */ = {isa = PBXFileReference; fileEncoding = 30; lastKnownFileType = sourcecode.c.objc; path = StepByStepView.m; sourceTree = "<group>"; };
		A9F95E8E0BC37FE400BD8AC8 /* StepView.h */ = {isa = PBXFileReference; fileEncoding = 30; lastKnownFileType = sourcecode.c.h; path = StepView.h; sourceTree = "<group>"; };
		A9F95E8F0BC37FE400BD8AC8 /* StepView.m */ = {isa = PBXFileReference; fileEncoding = 30; lastKnownFileType = sourcecode.c.objc; path = StepView.m; sourceTree = "<group>"; };
		A9F95EAF0BC3806800BD8AC8 /* XRayTemplateStepByStepController.h */ = {isa = PBXFileReference; fileEncoding = 4; lastKnownFileType = sourcecode.c.h; path = XRayTemplateStepByStepController.h; sourceTree = "<group>"; };
		A9F95EB00BC3806800BD8AC8 /* XRayTemplateStepByStepController.m */ = {isa = PBXFileReference; fileEncoding = 4; lastKnownFileType = sourcecode.c.objc; path = XRayTemplateStepByStepController.m; sourceTree = "<group>"; };
		A9F95F1E0BC390F000BD8AC8 /* StepByStepPanel.nib */ = {isa = PBXFileReference; lastKnownFileType = wrapper.nib; path = StepByStepPanel.nib; sourceTree = "<group>"; };
		A9FA564B0B9C2D0D009D7BF8 /* TemplatePanel.nib */ = {isa = PBXFileReference; lastKnownFileType = wrapper.nib; path = TemplatePanel.nib; sourceTree = "<group>"; };
		A9FA56520B9C47A1009D7BF8 /* XRayTemplateWindowController.h */ = {isa = PBXFileReference; fileEncoding = 4; lastKnownFileType = sourcecode.c.h; path = XRayTemplateWindowController.h; sourceTree = "<group>"; };
		A9FA56530B9C47A1009D7BF8 /* XRayTemplateWindowController.m */ = {isa = PBXFileReference; fileEncoding = 4; lastKnownFileType = sourcecode.c.objc; path = XRayTemplateWindowController.m; sourceTree = "<group>"; };
		A9FA56AF0B9C4ADD009D7BF8 /* OSIWindowController.h */ = {isa = PBXFileReference; fileEncoding = 30; lastKnownFileType = sourcecode.c.h; name = OSIWindowController.h; path = ../osirix/osirix/OSIWindowController.h; sourceTree = SOURCE_ROOT; };
		A9FA5DB50B9C68D1009D7BF8 /* browserController.h */ = {isa = PBXFileReference; fileEncoding = 30; lastKnownFileType = sourcecode.c.h; path = browserController.h; sourceTree = "<group>"; };
		A9FBB3FD0BAEC4B00032F6CA /* XRayTemplatesPluginIcon.tiff */ = {isa = PBXFileReference; lastKnownFileType = image.tiff; path = XRayTemplatesPluginIcon.tiff; sourceTree = "<group>"; };
		A9FBB4080BAEC5850032F6CA /* XRayTemplate.h */ = {isa = PBXFileReference; fileEncoding = 4; lastKnownFileType = sourcecode.c.h; path = XRayTemplate.h; sourceTree = "<group>"; };
		A9FBB4090BAEC5850032F6CA /* XRayTemplate.m */ = {isa = PBXFileReference; fileEncoding = 4; lastKnownFileType = sourcecode.c.objc; path = XRayTemplate.m; sourceTree = "<group>"; };
		A9FBB4170BAECA7F0032F6CA /* ZimmerTemplate.h */ = {isa = PBXFileReference; fileEncoding = 4; lastKnownFileType = sourcecode.c.h; path = ZimmerTemplate.h; sourceTree = "<group>"; };
		A9FBB4180BAECA7F0032F6CA /* ZimmerTemplate.m */ = {isa = PBXFileReference; fileEncoding = 4; lastKnownFileType = sourcecode.c.objc; path = ZimmerTemplate.m; sourceTree = "<group>"; };
		A9FCA4B30B9EF58700939475 /* XRayTemplateTableView.h */ = {isa = PBXFileReference; fileEncoding = 4; lastKnownFileType = sourcecode.c.h; path = XRayTemplateTableView.h; sourceTree = "<group>"; };
		A9FCA4B40B9EF58700939475 /* XRayTemplateTableView.m */ = {isa = PBXFileReference; fileEncoding = 4; lastKnownFileType = sourcecode.c.objc; path = XRayTemplateTableView.m; sourceTree = "<group>"; };
		AB5D36050680E57E00F4007A /* XRayTemplatesPlugin.osirixplugin */ = {isa = PBXFileReference; explicitFileType = wrapper.cfbundle; includeInIndex = 0; path = XRayTemplatesPlugin.osirixplugin; sourceTree = BUILT_PRODUCTS_DIR; };
		ABA48A640680BB600089EB4F /* XRayTemplatesPluginFilter.h */ = {isa = PBXFileReference; fileEncoding = 30; lastKnownFileType = sourcecode.c.h; path = XRayTemplatesPluginFilter.h; sourceTree = "<group>"; };
		ABA48A660680BB690089EB4F /* XRayTemplatesPluginFilter.m */ = {isa = PBXFileReference; fileEncoding = 30; lastKnownFileType = sourcecode.c.objc; path = XRayTemplatesPluginFilter.m; sourceTree = "<group>"; };
		ABB76339067FB2A8000912C1 /* DCMPix.h */ = {isa = PBXFileReference; fileEncoding = 30; lastKnownFileType = sourcecode.c.h; path = DCMPix.h; sourceTree = "<group>"; };
		ABB7633A067FB2A8000912C1 /* DCMView.h */ = {isa = PBXFileReference; fileEncoding = 30; lastKnownFileType = sourcecode.c.h; path = DCMView.h; sourceTree = "<group>"; };
		ABB7633B067FB2A8000912C1 /* dicomFile.h */ = {isa = PBXFileReference; fileEncoding = 30; lastKnownFileType = sourcecode.c.h; path = dicomFile.h; sourceTree = "<group>"; };
		ABB7633C067FB2A8000912C1 /* MyPoint.h */ = {isa = PBXFileReference; fileEncoding = 30; lastKnownFileType = sourcecode.c.h; path = MyPoint.h; sourceTree = "<group>"; };
		ABB7633D067FB2A8000912C1 /* PluginFilter.h */ = {isa = PBXFileReference; fileEncoding = 30; lastKnownFileType = sourcecode.c.h; path = PluginFilter.h; sourceTree = "<group>"; };
		ABB7633E067FB2A8000912C1 /* ROI.h */ = {isa = PBXFileReference; fileEncoding = 30; lastKnownFileType = sourcecode.c.h; path = ROI.h; sourceTree = "<group>"; };
		ABB7633F067FB2A8000912C1 /* ViewerController.h */ = {isa = PBXFileReference; fileEncoding = 30; lastKnownFileType = sourcecode.c.h; path = ViewerController.h; sourceTree = "<group>"; };
		CE0D09FC0C8482410074DEB1 /* OsiriX.framework */ = {isa = PBXFileReference; lastKnownFileType = wrapper.framework; name = OsiriX.framework; path = ../../osirix/build/Development/OsiriX.framework; sourceTree = SOURCE_ROOT; };
/* End PBXFileReference section */

/* Begin PBXFrameworksBuildPhase section */
		8D5B49B3048680CD000E48DA /* Frameworks */ = {
			isa = PBXFrameworksBuildPhase;
			buildActionMask = 2147483647;
			files = (
				8D5B49B4048680CD000E48DA /* Cocoa.framework in Frameworks */,
				A9F8BEED0B9DD21E00FDB71F /* Quartz.framework in Frameworks */,
				CE0D09FD0C8482410074DEB1 /* OsiriX.framework in Frameworks */,
			);
			runOnlyForDeploymentPostprocessing = 0;
		};
/* End PBXFrameworksBuildPhase section */

/* Begin PBXGroup section */
		089C166AFE841209C02AAC07 /* XRayTemplatesPlugin */ = {
			isa = PBXGroup;
			children = (
				08FB77AFFE84173DC02AAC07 /* Classes */,
				32C88E010371C26100C91783 /* Other Sources */,
				089C167CFE841241C02AAC07 /* Resources */,
				089C1671FE841209C02AAC07 /* Frameworks and Libraries */,
				19C28FB8FE9D52D311CA2CBB /* Products */,
			);
			name = XRayTemplatesPlugin;
			sourceTree = "<group>";
		};
		089C1671FE841209C02AAC07 /* Frameworks and Libraries */ = {
			isa = PBXGroup;
			children = (
				1058C7ACFEA557BF11CA2CBB /* Linked Frameworks */,
				1058C7AEFEA557BF11CA2CBB /* Other Frameworks */,
			);
			name = "Frameworks and Libraries";
			sourceTree = "<group>";
		};
		089C167CFE841241C02AAC07 /* Resources */ = {
			isa = PBXGroup;
			children = (
				CE0D09FC0C8482410074DEB1 /* OsiriX.framework */,
				A9FBB3FD0BAEC4B00032F6CA /* XRayTemplatesPluginIcon.tiff */,
				A9FA564B0B9C2D0D009D7BF8 /* TemplatePanel.nib */,
				A9F95F1E0BC390F000BD8AC8 /* StepByStepPanel.nib */,
				8D5B49B7048680CD000E48DA /* Info.plist */,
				089C167DFE841241C02AAC07 /* InfoPlist.strings */,
			);
			name = Resources;
			sourceTree = "<group>";
		};
		08FB77AFFE84173DC02AAC07 /* Classes */ = {
			isa = PBXGroup;
			children = (
				ABB76338067FB2A8000912C1 /* OsiriX Headers */,
				AB2C26750677B0C400A08910 /* XRayTemplatesPluginFilter */,
				A9F95E830BC37FBA00BD8AC8 /* StepByStep */,
				A925454E0BDF5DBF000B6082 /* iLifeControls */,
			);
			name = Classes;
			sourceTree = "<group>";
		};
		1058C7ACFEA557BF11CA2CBB /* Linked Frameworks */ = {
			isa = PBXGroup;
			children = (
				1058C7ADFEA557BF11CA2CBB /* Cocoa.framework */,
			);
			name = "Linked Frameworks";
			sourceTree = "<group>";
		};
		1058C7AEFEA557BF11CA2CBB /* Other Frameworks */ = {
			isa = PBXGroup;
			children = (
				A9F8BEEC0B9DD21E00FDB71F /* Quartz.framework */,
				089C1672FE841209C02AAC07 /* Foundation.framework */,
				089C167FFE841241C02AAC07 /* AppKit.framework */,
			);
			name = "Other Frameworks";
			sourceTree = "<group>";
		};
		19C28FB8FE9D52D311CA2CBB /* Products */ = {
			isa = PBXGroup;
			children = (
				AB5D36050680E57E00F4007A /* XRayTemplatesPlugin.osirixplugin */,
			);
			name = Products;
			sourceTree = "<group>";
		};
		32C88E010371C26100C91783 /* Other Sources */ = {
			isa = PBXGroup;
			children = (
				32DBCF630370AF2F00C91783 /* XRayTemplatesPlugin_Prefix.pch */,
			);
			name = "Other Sources";
			sourceTree = "<group>";
		};
		A925454E0BDF5DBF000B6082 /* iLifeControls */ = {
			isa = PBXGroup;
			children = (
				A925459E0BDF5DBF000B6082 /* Credits.txt */,
				A92545C90BDF5DBF000B6082 /* NFHUDButton.h */,
				A92545CA0BDF5DBF000B6082 /* NFHUDButton.m */,
				A92545CB0BDF5DBF000B6082 /* NFHUDButtonCell.h */,
				A92545CC0BDF5DBF000B6082 /* NFHUDButtonCell.m */,
				A92545CF0BDF5DBF000B6082 /* NFHUDPopUpButton.h */,
				A92545D00BDF5DBF000B6082 /* NFHUDPopUpButton.m */,
				A92545D10BDF5DBF000B6082 /* NFHUDPopUpButtonCell.h */,
				A92545D20BDF5DBF000B6082 /* NFHUDPopUpButtonCell.m */,
				A92545D30BDF5DBF000B6082 /* NFHUDSlider.h */,
				A92545D40BDF5DBF000B6082 /* NFHUDSlider.m */,
				A92545D50BDF5DBF000B6082 /* NFHUDSliderCell.h */,
				A92545D60BDF5DBF000B6082 /* NFHUDSliderCell.m */,
				A977565F0CD0892F00639826 /* NSImage+FrameworkImage.h */,
				A977565E0CD0892F00639826 /* NSImage+FrameworkImage.m */,
				A97756760CD089D000639826 /* Images */,
			);
			path = iLifeControls;
			sourceTree = "<group>";
		};
		A97756760CD089D000639826 /* Images */ = {
			isa = PBXGroup;
			children = (
				A92545A70BDF5DBF000B6082 /* HUDButtonFillN.tiff */,
				A92545A80BDF5DBF000B6082 /* HUDButtonFillP.tiff */,
				A92545A90BDF5DBF000B6082 /* HUDButtonLeftN.tiff */,
				A92545AA0BDF5DBF000B6082 /* HUDButtonLeftP.tiff */,
				A92545AB0BDF5DBF000B6082 /* HUDButtonRightN.tiff */,
				A92545AC0BDF5DBF000B6082 /* HUDButtonRightP.tiff */,
				A92545AD0BDF5DBF000B6082 /* HUDCheckboxOffN.tiff */,
				A92545AE0BDF5DBF000B6082 /* HUDCheckboxOffP.tiff */,
				A92545AF0BDF5DBF000B6082 /* HUDCheckboxOnN.tiff */,
				A92545B00BDF5DBF000B6082 /* HUDCheckboxOnP.tiff */,
				A92545B10BDF5DBF000B6082 /* HUDCloseButton.tiff */,
				A92545B20BDF5DBF000B6082 /* HUDPopUpFillN.tiff */,
				A92545B30BDF5DBF000B6082 /* HUDPopUpFillP.tiff */,
				A92545B40BDF5DBF000B6082 /* HUDPopUpLeftN.tiff */,
				A92545B50BDF5DBF000B6082 /* HUDPopUpLeftP.tiff */,
				A92545B60BDF5DBF000B6082 /* HUDPopUpRightN.tiff */,
				A92545B70BDF5DBF000B6082 /* HUDPopUpRightP.tiff */,
				A92545B80BDF5DBF000B6082 /* HUDSliderKnob.tiff */,
				A92545B90BDF5DBF000B6082 /* HUDSliderKnobRound.tiff */,
				A92545BA0BDF5DBF000B6082 /* HUDSliderTrack.tiff */,
				A92545BB0BDF5DBF000B6082 /* HUDSliderTrack5Tick.tiff */,
				A92545BC0BDF5DBF000B6082 /* HUDSliderTrackFill.tiff */,
				A92545BD0BDF5DBF000B6082 /* HUDSliderTrackLeft.tiff */,
				A92545BE0BDF5DBF000B6082 /* HUDSliderTrackRight.tiff */,
			);
			name = Images;
			sourceTree = "<group>";
		};
		A9F95E830BC37FBA00BD8AC8 /* StepByStep */ = {
			isa = PBXGroup;
			children = (
				A9F95E860BC37FE400BD8AC8 /* DisclosureBox.h */,
				A9F95E870BC37FE400BD8AC8 /* DisclosureBox.m */,
				A9F95E880BC37FE400BD8AC8 /* Step.h */,
				A9F95E890BC37FE400BD8AC8 /* Step.m */,
				A9F95E8A0BC37FE400BD8AC8 /* StepByStep.h */,
				A9F95E8B0BC37FE400BD8AC8 /* StepByStep.m */,
				A9F95E8C0BC37FE400BD8AC8 /* StepByStepView.h */,
				A9F95E8D0BC37FE400BD8AC8 /* StepByStepView.m */,
				A9F95E8E0BC37FE400BD8AC8 /* StepView.h */,
				A9F95E8F0BC37FE400BD8AC8 /* StepView.m */,
			);
			name = StepByStep;
			sourceTree = "<group>";
		};
		AB2C26750677B0C400A08910 /* XRayTemplatesPluginFilter */ = {
			isa = PBXGroup;
			children = (
				ABA48A640680BB600089EB4F /* XRayTemplatesPluginFilter.h */,
				ABA48A660680BB690089EB4F /* XRayTemplatesPluginFilter.m */,
				A9FA56520B9C47A1009D7BF8 /* XRayTemplateWindowController.h */,
				A9FA56530B9C47A1009D7BF8 /* XRayTemplateWindowController.m */,
				A9FCA4B30B9EF58700939475 /* XRayTemplateTableView.h */,
				A9FCA4B40B9EF58700939475 /* XRayTemplateTableView.m */,
				A9FBB4080BAEC5850032F6CA /* XRayTemplate.h */,
				A9FBB4090BAEC5850032F6CA /* XRayTemplate.m */,
				A9FBB4170BAECA7F0032F6CA /* ZimmerTemplate.h */,
				A9FBB4180BAECA7F0032F6CA /* ZimmerTemplate.m */,
				A9F95EAF0BC3806800BD8AC8 /* XRayTemplateStepByStepController.h */,
				A9F95EB00BC3806800BD8AC8 /* XRayTemplateStepByStepController.m */,
			);
			name = XRayTemplatesPluginFilter;
			sourceTree = "<group>";
		};
		ABB76338067FB2A8000912C1 /* OsiriX Headers */ = {
			isa = PBXGroup;
			children = (
				ABB7633D067FB2A8000912C1 /* PluginFilter.h */,
				ABB76339067FB2A8000912C1 /* DCMPix.h */,
				ABB7633A067FB2A8000912C1 /* DCMView.h */,
				ABB7633B067FB2A8000912C1 /* dicomFile.h */,
				ABB7633C067FB2A8000912C1 /* MyPoint.h */,
				ABB7633E067FB2A8000912C1 /* ROI.h */,
				A9FA56AF0B9C4ADD009D7BF8 /* OSIWindowController.h */,
				ABB7633F067FB2A8000912C1 /* ViewerController.h */,
				A9FA5DB50B9C68D1009D7BF8 /* browserController.h */,
				A9459DD80BE1F5DF000E85FF /* SendController.h */,
			);
			path = "OsiriX Headers";
			sourceTree = "<group>";
		};
/* End PBXGroup section */

/* Begin PBXHeadersBuildPhase section */
		8D5B49AD048680CD000E48DA /* Headers */ = {
			isa = PBXHeadersBuildPhase;
			buildActionMask = 2147483647;
			files = (
				8D5B49AE048680CD000E48DA /* XRayTemplatesPlugin_Prefix.pch in Headers */,
				ABB76340067FB2A8000912C1 /* DCMPix.h in Headers */,
				ABB76341067FB2A8000912C1 /* DCMView.h in Headers */,
				ABB76342067FB2A8000912C1 /* dicomFile.h in Headers */,
				ABB76343067FB2A8000912C1 /* MyPoint.h in Headers */,
				ABB76344067FB2A8000912C1 /* PluginFilter.h in Headers */,
				ABB76345067FB2A8000912C1 /* ROI.h in Headers */,
				ABB76346067FB2A8000912C1 /* ViewerController.h in Headers */,
				ABA48A650680BB600089EB4F /* XRayTemplatesPluginFilter.h in Headers */,
				A9FA56540B9C47A1009D7BF8 /* XRayTemplateWindowController.h in Headers */,
				A9FA56B00B9C4ADD009D7BF8 /* OSIWindowController.h in Headers */,
				A9FA5DB60B9C68D1009D7BF8 /* browserController.h in Headers */,
				A9FCA4B50B9EF58700939475 /* XRayTemplateTableView.h in Headers */,
				A9FBB40A0BAEC5850032F6CA /* XRayTemplate.h in Headers */,
				A9FBB4190BAECA7F0032F6CA /* ZimmerTemplate.h in Headers */,
				A9F95E900BC37FE400BD8AC8 /* DisclosureBox.h in Headers */,
				A9F95E920BC37FE400BD8AC8 /* Step.h in Headers */,
				A9F95E940BC37FE400BD8AC8 /* StepByStep.h in Headers */,
				A9F95E960BC37FE400BD8AC8 /* StepByStepView.h in Headers */,
				A9F95E980BC37FE400BD8AC8 /* StepView.h in Headers */,
				A9F95EB10BC3806800BD8AC8 /* XRayTemplateStepByStepController.h in Headers */,
				A92546600BDF5DC0000B6082 /* NFHUDButton.h in Headers */,
				A92546620BDF5DC0000B6082 /* NFHUDButtonCell.h in Headers */,
				A92546660BDF5DC0000B6082 /* NFHUDPopUpButton.h in Headers */,
				A92546680BDF5DC0000B6082 /* NFHUDPopUpButtonCell.h in Headers */,
				A925466A0BDF5DC0000B6082 /* NFHUDSlider.h in Headers */,
				A925466C0BDF5DC0000B6082 /* NFHUDSliderCell.h in Headers */,
				A9459DD90BE1F5DF000E85FF /* SendController.h in Headers */,
				A97756610CD0892F00639826 /* NSImage+FrameworkImage.h in Headers */,
			);
			runOnlyForDeploymentPostprocessing = 0;
		};
/* End PBXHeadersBuildPhase section */

/* Begin PBXNativeTarget section */
		8D5B49AC048680CD000E48DA /* XRayTemplatesPlugin */ = {
			isa = PBXNativeTarget;
			buildConfigurationList = CE6A9A9008AC841300D0C1EE /* Build configuration list for PBXNativeTarget "XRayTemplatesPlugin" */;
			buildPhases = (
				8D5B49AD048680CD000E48DA /* Headers */,
				8D5B49AF048680CD000E48DA /* Resources */,
				8D5B49B1048680CD000E48DA /* Sources */,
				8D5B49B3048680CD000E48DA /* Frameworks */,
				8D5B49B5048680CD000E48DA /* Rez */,
				A966552D0C05E6580094A4FB /* CopyFiles */,
			);
			buildRules = (
			);
			dependencies = (
			);
			name = XRayTemplatesPlugin;
			productInstallPath = "$(HOME)/Library/Bundles";
			productName = Invert;
			productReference = AB5D36050680E57E00F4007A /* XRayTemplatesPlugin.osirixplugin */;
			productType = "com.apple.product-type.bundle";
		};
/* End PBXNativeTarget section */

/* Begin PBXProject section */
		089C1669FE841209C02AAC07 /* Project object */ = {
			isa = PBXProject;
			buildConfigurationList = CE6A9A9408AC841300D0C1EE /* Build configuration list for PBXProject "XRayTemplatesPlugin" */;
			compatibilityVersion = "Xcode 3.0";
			hasScannedForEncodings = 1;
			mainGroup = 089C166AFE841209C02AAC07 /* XRayTemplatesPlugin */;
			projectDirPath = "";
			projectRoot = "";
			targets = (
				8D5B49AC048680CD000E48DA /* XRayTemplatesPlugin */,
			);
		};
/* End PBXProject section */

/* Begin PBXResourcesBuildPhase section */
		8D5B49AF048680CD000E48DA /* Resources */ = {
			isa = PBXResourcesBuildPhase;
			buildActionMask = 2147483647;
			files = (
				8D5B49B0048680CD000E48DA /* InfoPlist.strings in Resources */,
				A9FA564C0B9C2D0D009D7BF8 /* TemplatePanel.nib in Resources */,
				A9FBB3FE0BAEC4B00032F6CA /* XRayTemplatesPluginIcon.tiff in Resources */,
				A9F95F1F0BC390F000BD8AC8 /* StepByStepPanel.nib in Resources */,
				A92546410BDF5DC0000B6082 /* HUDButtonFillN.tiff in Resources */,
				A92546420BDF5DC0000B6082 /* HUDButtonFillP.tiff in Resources */,
				A92546430BDF5DC0000B6082 /* HUDButtonLeftN.tiff in Resources */,
				A92546440BDF5DC0000B6082 /* HUDButtonLeftP.tiff in Resources */,
				A92546450BDF5DC0000B6082 /* HUDButtonRightN.tiff in Resources */,
				A92546460BDF5DC0000B6082 /* HUDButtonRightP.tiff in Resources */,
				A92546470BDF5DC0000B6082 /* HUDCheckboxOffN.tiff in Resources */,
				A92546480BDF5DC0000B6082 /* HUDCheckboxOffP.tiff in Resources */,
				A92546490BDF5DC0000B6082 /* HUDCheckboxOnN.tiff in Resources */,
				A925464A0BDF5DC0000B6082 /* HUDCheckboxOnP.tiff in Resources */,
				A925464B0BDF5DC0000B6082 /* HUDCloseButton.tiff in Resources */,
				A925464C0BDF5DC0000B6082 /* HUDPopUpFillN.tiff in Resources */,
				A925464D0BDF5DC0000B6082 /* HUDPopUpFillP.tiff in Resources */,
				A925464E0BDF5DC0000B6082 /* HUDPopUpLeftN.tiff in Resources */,
				A925464F0BDF5DC0000B6082 /* HUDPopUpLeftP.tiff in Resources */,
				A92546500BDF5DC0000B6082 /* HUDPopUpRightN.tiff in Resources */,
				A92546510BDF5DC0000B6082 /* HUDPopUpRightP.tiff in Resources */,
				A92546520BDF5DC0000B6082 /* HUDSliderKnob.tiff in Resources */,
				A92546530BDF5DC0000B6082 /* HUDSliderKnobRound.tiff in Resources */,
				A92546540BDF5DC0000B6082 /* HUDSliderTrack.tiff in Resources */,
				A92546550BDF5DC0000B6082 /* HUDSliderTrack5Tick.tiff in Resources */,
				A92546560BDF5DC0000B6082 /* HUDSliderTrackFill.tiff in Resources */,
				A92546570BDF5DC0000B6082 /* HUDSliderTrackLeft.tiff in Resources */,
				A92546580BDF5DC0000B6082 /* HUDSliderTrackRight.tiff in Resources */,
				A9969D5F0C0C813600B12D9A /* Info.plist in Resources */,
			);
			runOnlyForDeploymentPostprocessing = 0;
		};
/* End PBXResourcesBuildPhase section */

/* Begin PBXRezBuildPhase section */
		8D5B49B5048680CD000E48DA /* Rez */ = {
			isa = PBXRezBuildPhase;
			buildActionMask = 2147483647;
			files = (
			);
			runOnlyForDeploymentPostprocessing = 0;
		};
/* End PBXRezBuildPhase section */

/* Begin PBXSourcesBuildPhase section */
		8D5B49B1048680CD000E48DA /* Sources */ = {
			isa = PBXSourcesBuildPhase;
			buildActionMask = 2147483647;
			files = (
				ABA48A670680BB690089EB4F /* XRayTemplatesPluginFilter.m in Sources */,
				A9FA56550B9C47A1009D7BF8 /* XRayTemplateWindowController.m in Sources */,
				A9FCA4B60B9EF58700939475 /* XRayTemplateTableView.m in Sources */,
				A9FBB40B0BAEC5850032F6CA /* XRayTemplate.m in Sources */,
				A9FBB41A0BAECA7F0032F6CA /* ZimmerTemplate.m in Sources */,
				A9F95E910BC37FE400BD8AC8 /* DisclosureBox.m in Sources */,
				A9F95E930BC37FE400BD8AC8 /* Step.m in Sources */,
				A9F95E950BC37FE400BD8AC8 /* StepByStep.m in Sources */,
				A9F95E970BC37FE400BD8AC8 /* StepByStepView.m in Sources */,
				A9F95E990BC37FE400BD8AC8 /* StepView.m in Sources */,
				A9F95EB20BC3806800BD8AC8 /* XRayTemplateStepByStepController.m in Sources */,
				A92546610BDF5DC0000B6082 /* NFHUDButton.m in Sources */,
				A92546630BDF5DC0000B6082 /* NFHUDButtonCell.m in Sources */,
				A92546670BDF5DC0000B6082 /* NFHUDPopUpButton.m in Sources */,
				A92546690BDF5DC0000B6082 /* NFHUDPopUpButtonCell.m in Sources */,
				A925466B0BDF5DC0000B6082 /* NFHUDSlider.m in Sources */,
				A925466D0BDF5DC0000B6082 /* NFHUDSliderCell.m in Sources */,
				A97756600CD0892F00639826 /* NSImage+FrameworkImage.m in Sources */,
			);
			runOnlyForDeploymentPostprocessing = 0;
		};
/* End PBXSourcesBuildPhase section */

/* Begin PBXVariantGroup section */
		089C167DFE841241C02AAC07 /* InfoPlist.strings */ = {
			isa = PBXVariantGroup;
			children = (
				089C167EFE841241C02AAC07 /* English */,
			);
			name = InfoPlist.strings;
			sourceTree = "<group>";
		};
/* End PBXVariantGroup section */

/* Begin XCBuildConfiguration section */
		CE6A9A9108AC841300D0C1EE /* Development */ = {
			isa = XCBuildConfiguration;
			buildSettings = {
				COPY_PHASE_STRIP = NO;
				DEBUGGING_SYMBOLS = YES;
				FRAMEWORK_SEARCH_PATHS = (
					"$(inherited)",
					"$(FRAMEWORK_SEARCH_PATHS_QUOTED_1)",
					"$(FRAMEWORK_SEARCH_PATHS_QUOTED_2)",
					"$(FRAMEWORK_SEARCH_PATHS_QUOTED_3)",
					"$(FRAMEWORK_SEARCH_PATHS_QUOTED_4)",
					"$(FRAMEWORK_SEARCH_PATHS_QUOTED_5)",
					"$(FRAMEWORK_SEARCH_PATHS_QUOTED_FOR_TARGET_1)",
				);
				FRAMEWORK_SEARCH_PATHS_QUOTED_1 = "\"$(SRCROOT)\"";
				FRAMEWORK_SEARCH_PATHS_QUOTED_2 = "\"$(SRCROOT)\"";
				FRAMEWORK_SEARCH_PATHS_QUOTED_3 = "\"$(SRCROOT)\"";
				FRAMEWORK_SEARCH_PATHS_QUOTED_4 = "\"$(SRCROOT)/iLifeControls/build/Release\"";
				FRAMEWORK_SEARCH_PATHS_QUOTED_5 = "\"$(SRCROOT)/../osirix/osirix/build/Development\"";
				FRAMEWORK_SEARCH_PATHS_QUOTED_FOR_TARGET_1 = "\"$(SRCROOT)/../../osirix/build/Development\"";
				GCC_DYNAMIC_NO_PIC = NO;
				GCC_ENABLE_FIX_AND_CONTINUE = YES;
				GCC_ENABLE_TRIGRAPHS = NO;
				GCC_GENERATE_DEBUGGING_SYMBOLS = YES;
				GCC_OPTIMIZATION_LEVEL = 0;
				GCC_PRECOMPILE_PREFIX_HEADER = YES;
				GCC_PREFIX_HEADER = XRayTemplatesPlugin_Prefix.pch;
				GCC_WARN_FOUR_CHARACTER_CONSTANTS = NO;
				GCC_WARN_UNKNOWN_PRAGMAS = NO;
				HEADER_SEARCH_PATHS = "";
				INFOPLIST_FILE = Info.plist;
				INSTALL_PATH = "@executable_path/../Plug-ins";
				LIBRARY_SEARCH_PATHS = (
					"$(inherited)",
					"$(LIBRARY_SEARCH_PATHS_QUOTED_1)",
					"$(LIBRARY_SEARCH_PATHS_QUOTED_2)",
				);
				LIBRARY_SEARCH_PATHS_QUOTED_1 = "\"$(SRCROOT)/iLifeControls/build/iLifeControls.build/Release/iLifeControls.build/Objects-normal/i386\"";
				LIBRARY_SEARCH_PATHS_QUOTED_2 = "\"$(SRCROOT)/iLifeControls/build/iLifeControls.build/Release/iLifeControls.build/Objects-normal/ppc\"";
				LIBRARY_STYLE = Bundle;
				MACOSX_DEPLOYMENT_TARGET = 10.5;
				OPTIMIZATION_CFLAGS = "-O0";
				OTHER_CFLAGS = "";
				OTHER_LDFLAGS = (
					"-undefined",
					dynamic_lookup,
				);
				OTHER_REZFLAGS = "";
				PRODUCT_NAME = XRayTemplatesPlugin;
				SECTORDER_FLAGS = "";
				WARNING_CFLAGS = (
					"-Wmost",
					"-Wno-four-char-constants",
					"-Wno-unknown-pragmas",
				);
				WRAPPER_EXTENSION = osirixplugin;
				ZERO_LINK = NO;
			};
			name = Development;
		};
		CE6A9A9508AC841300D0C1EE /* Development */ = {
			isa = XCBuildConfiguration;
			buildSettings = {
				ARCHS = (
					i386,
					ppc,
					ppc64,
					x86_64,
				);
				MACOSX_DEPLOYMENT_TARGET = 10.5;
				SDKROOT = "$(DEVELOPER_SDK_DIR)/MacOSX10.5.sdk";
			};
			name = Development;
		};
/* End XCBuildConfiguration section */

/* Begin XCConfigurationList section */
		CE6A9A9008AC841300D0C1EE /* Build configuration list for PBXNativeTarget "XRayTemplatesPlugin" */ = {
			isa = XCConfigurationList;
			buildConfigurations = (
				CE6A9A9108AC841300D0C1EE /* Development */,
			);
			defaultConfigurationIsVisible = 0;
			defaultConfigurationName = Development;
		};
		CE6A9A9408AC841300D0C1EE /* Build configuration list for PBXProject "XRayTemplatesPlugin" */ = {
			isa = XCConfigurationList;
			buildConfigurations = (
				CE6A9A9508AC841300D0C1EE /* Development */,
			);
			defaultConfigurationIsVisible = 0;
			defaultConfigurationName = Development;
		};
/* End XCConfigurationList section */
	};
	rootObject = 089C1669FE841209C02AAC07 /* Project object */;
}
