// !$*UTF8*$!
{
	archiveVersion = 1;
	classes = {
	};
	objectVersion = 42;
	objects = {

/* Begin PBXBuildFile section */
		592C9F3B0FDFAD0C00EB256B /* ArthroplastyTemplatingSplitView.h in Headers */ = {isa = PBXBuildFile; fileRef = 592C9F390FDFAD0C00EB256B /* ArthroplastyTemplatingSplitView.h */; };
		592C9F3C0FDFAD0C00EB256B /* ArthroplastyTemplatingSplitView.m in Sources */ = {isa = PBXBuildFile; fileRef = 592C9F3A0FDFAD0C00EB256B /* ArthroplastyTemplatingSplitView.m */; };
		592C9FD00FDFBA3D00EB256B /* com.osirix.arthroplastytemplating.plist in Resources */ = {isa = PBXBuildFile; fileRef = 592C9FCF0FDFBA3D00EB256B /* com.osirix.arthroplastytemplating.plist */; };
		595252810FDF9B06009A14DD /* ArthroplastyTemplatingUserDefaults.mm in Sources */ = {isa = PBXBuildFile; fileRef = 5952527F0FDF9B06009A14DD /* ArthroplastyTemplatingUserDefaults.mm */; };
		595252820FDF9B06009A14DD /* ArthroplastyTemplatingUserDefaults.h in Headers */ = {isa = PBXBuildFile; fileRef = 595252800FDF9B06009A14DD /* ArthroplastyTemplatingUserDefaults.h */; };
		59956E500FD8105F007C151F /* ZimmerTemplate.h in Headers */ = {isa = PBXBuildFile; fileRef = 59956E4E0FD8105F007C151F /* ZimmerTemplate.h */; };
		59956E510FD8105F007C151F /* ZimmerTemplate.m in Sources */ = {isa = PBXBuildFile; fileRef = 59956E4F0FD8105F007C151F /* ZimmerTemplate.m */; };
		59956E780FD812CF007C151F /* ArthroplastyTemplateFamily.h in Headers */ = {isa = PBXBuildFile; fileRef = 59956E760FD812CF007C151F /* ArthroplastyTemplateFamily.h */; };
		59956E790FD812CF007C151F /* ArthroplastyTemplateFamily.m in Sources */ = {isa = PBXBuildFile; fileRef = 59956E770FD812CF007C151F /* ArthroplastyTemplateFamily.m */; };
		599572900FDD3E2B007C151F /* SelectablePDFView.h in Headers */ = {isa = PBXBuildFile; fileRef = 5995728E0FDD3E2B007C151F /* SelectablePDFView.h */; };
		599572910FDD3E2B007C151F /* SelectablePDFView.mm in Sources */ = {isa = PBXBuildFile; fileRef = 5995728F0FDD3E2B007C151F /* SelectablePDFView.mm */; };
		599572CC0FDD5170007C151F /* ArthroplastyTemplatingWindowController.mm in Sources */ = {isa = PBXBuildFile; fileRef = 599572CB0FDD5170007C151F /* ArthroplastyTemplatingWindowController.mm */; };
		59D94E760FCE807D00509EEC /* NSImage+ArthroplastyTemplating.h in Headers */ = {isa = PBXBuildFile; fileRef = 59D94E590FCE807D00509EEC /* NSImage+ArthroplastyTemplating.h */; };
		59D94E770FCE807D00509EEC /* NSImage+ArthroplastyTemplating.mm in Sources */ = {isa = PBXBuildFile; fileRef = 59D94E5A0FCE807D00509EEC /* NSImage+ArthroplastyTemplating.mm */; };
		59D94E780FCE807D00509EEC /* NSString+Trim.h in Headers */ = {isa = PBXBuildFile; fileRef = 59D94E5B0FCE807D00509EEC /* NSString+Trim.h */; };
		59D94E790FCE807D00509EEC /* NSString+Trim.mm in Sources */ = {isa = PBXBuildFile; fileRef = 59D94E5C0FCE807D00509EEC /* NSString+Trim.mm */; };
		59D94E7A0FCE807D00509EEC /* DisclosureBox.h in Headers */ = {isa = PBXBuildFile; fileRef = 59D94E5E0FCE807D00509EEC /* DisclosureBox.h */; };
		59D94E7B0FCE807D00509EEC /* DisclosureBox.mm in Sources */ = {isa = PBXBuildFile; fileRef = 59D94E5F0FCE807D00509EEC /* DisclosureBox.mm */; };
		59D94E7C0FCE807D00509EEC /* Step.h in Headers */ = {isa = PBXBuildFile; fileRef = 59D94E600FCE807D00509EEC /* Step.h */; };
		59D94E7D0FCE807D00509EEC /* Step.m in Sources */ = {isa = PBXBuildFile; fileRef = 59D94E610FCE807D00509EEC /* Step.m */; };
		59D94E7E0FCE807D00509EEC /* StepByStep.h in Headers */ = {isa = PBXBuildFile; fileRef = 59D94E620FCE807D00509EEC /* StepByStep.h */; };
		59D94E7F0FCE807D00509EEC /* StepByStep.m in Sources */ = {isa = PBXBuildFile; fileRef = 59D94E630FCE807D00509EEC /* StepByStep.m */; };
		59D94E800FCE807D00509EEC /* SBSView.h in Headers */ = {isa = PBXBuildFile; fileRef = 59D94E640FCE807D00509EEC /* SBSView.h */; };
		59D94E810FCE807D00509EEC /* SBSView.m in Sources */ = {isa = PBXBuildFile; fileRef = 59D94E650FCE807D00509EEC /* SBSView.m */; };
		59D94E820FCE807D00509EEC /* StepView.h in Headers */ = {isa = PBXBuildFile; fileRef = 59D94E660FCE807D00509EEC /* StepView.h */; };
		59D94E830FCE807D00509EEC /* StepView.m in Sources */ = {isa = PBXBuildFile; fileRef = 59D94E670FCE807D00509EEC /* StepView.m */; };
		59D94E840FCE807D00509EEC /* ArthroplastyTemplate.h in Headers */ = {isa = PBXBuildFile; fileRef = 59D94E680FCE807D00509EEC /* ArthroplastyTemplate.h */; };
		59D94E850FCE807D00509EEC /* ArthroplastyTemplate.m in Sources */ = {isa = PBXBuildFile; fileRef = 59D94E690FCE807D00509EEC /* ArthroplastyTemplate.m */; };
		59D94E860FCE807D00509EEC /* ArthroplastyTemplatingPlugin.h in Headers */ = {isa = PBXBuildFile; fileRef = 59D94E6A0FCE807D00509EEC /* ArthroplastyTemplatingPlugin.h */; };
		59D94E870FCE807D00509EEC /* ArthroplastyTemplatingPlugin.m in Sources */ = {isa = PBXBuildFile; fileRef = 59D94E6B0FCE807D00509EEC /* ArthroplastyTemplatingPlugin.m */; };
		59D94E880FCE807D00509EEC /* Arthroplasty_Templating_Prefix.pch in Headers */ = {isa = PBXBuildFile; fileRef = 59D94E6C0FCE807D00509EEC /* Arthroplasty_Templating_Prefix.pch */; };
		59D94E890FCE807D00509EEC /* ArthroplastyTemplatingStepByStepController.h in Headers */ = {isa = PBXBuildFile; fileRef = 59D94E6D0FCE807D00509EEC /* ArthroplastyTemplatingStepByStepController.h */; };
		59D94E8A0FCE807D00509EEC /* ArthroplastyTemplatingStepByStepController.m in Sources */ = {isa = PBXBuildFile; fileRef = 59D94E6E0FCE807D00509EEC /* ArthroplastyTemplatingStepByStepController.m */; };
		59D94E8B0FCE807D00509EEC /* ArthroplastyTemplatingTableView.h in Headers */ = {isa = PBXBuildFile; fileRef = 59D94E6F0FCE807D00509EEC /* ArthroplastyTemplatingTableView.h */; };
		59D94E8C0FCE807D00509EEC /* ArthroplastyTemplatingTableView.m in Sources */ = {isa = PBXBuildFile; fileRef = 59D94E700FCE807D00509EEC /* ArthroplastyTemplatingTableView.m */; };
		59D94E8D0FCE807D00509EEC /* ArthroplastyTemplatingWindowController.h in Headers */ = {isa = PBXBuildFile; fileRef = 59D94E710FCE807D00509EEC /* ArthroplastyTemplatingWindowController.h */; };
		59D951D80FCE823400509EEC /* InfoPlist.strings in Resources */ = {isa = PBXBuildFile; fileRef = 59D951D40FCE823400509EEC /* InfoPlist.strings */; };
		59D951F00FCE82DB00509EEC /* ArthroplastyTemplating.tiff in Resources */ = {isa = PBXBuildFile; fileRef = 59D951EF0FCE82DB00509EEC /* ArthroplastyTemplating.tiff */; };
		59D9537F0FCE831A00509EEC /* ZimmerTemplates in Resources */ = {isa = PBXBuildFile; fileRef = 59D951F10FCE831900509EEC /* ZimmerTemplates */; };
		59D954F40FCE836400509EEC /* DCMPix.h in Headers */ = {isa = PBXBuildFile; fileRef = 59D954870FCE836400509EEC /* DCMPix.h */; };
		59D954F50FCE836400509EEC /* DCMView.h in Headers */ = {isa = PBXBuildFile; fileRef = 59D954880FCE836400509EEC /* DCMView.h */; };
		59D954F60FCE836400509EEC /* DICOMExport.h in Headers */ = {isa = PBXBuildFile; fileRef = 59D954890FCE836400509EEC /* DICOMExport.h */; };
		59D954F70FCE836400509EEC /* dicomFile.h in Headers */ = {isa = PBXBuildFile; fileRef = 59D9548A0FCE836400509EEC /* dicomFile.h */; };
		59D954F80FCE836400509EEC /* MyPoint.h in Headers */ = {isa = PBXBuildFile; fileRef = 59D9548B0FCE836400509EEC /* MyPoint.h */; };
		59D954F90FCE836400509EEC /* OSIWindowController.h in Headers */ = {isa = PBXBuildFile; fileRef = 59D9548C0FCE836400509EEC /* OSIWindowController.h */; };
		59D954FA0FCE836400509EEC /* PluginFilter.h in Headers */ = {isa = PBXBuildFile; fileRef = 59D9548D0FCE836400509EEC /* PluginFilter.h */; };
		59D954FB0FCE836400509EEC /* ROI.h in Headers */ = {isa = PBXBuildFile; fileRef = 59D9548E0FCE836400509EEC /* ROI.h */; };
		59D954FC0FCE836400509EEC /* Schedulable.h in Headers */ = {isa = PBXBuildFile; fileRef = 59D9548F0FCE836400509EEC /* Schedulable.h */; };
		59D954FD0FCE836400509EEC /* Scheduler.h in Headers */ = {isa = PBXBuildFile; fileRef = 59D954900FCE836400509EEC /* Scheduler.h */; };
		59D954FE0FCE836400509EEC /* StaticScheduler.h in Headers */ = {isa = PBXBuildFile; fileRef = 59D954910FCE836400509EEC /* StaticScheduler.h */; };
		59D954FF0FCE836400509EEC /* ViewerController.h in Headers */ = {isa = PBXBuildFile; fileRef = 59D954920FCE836400509EEC /* ViewerController.h */; };
		59D955120FCE854D00509EEC /* browserController.h in Headers */ = {isa = PBXBuildFile; fileRef = 59D955110FCE854D00509EEC /* browserController.h */; };
		59D955150FCE857700509EEC /* SendController.h in Headers */ = {isa = PBXBuildFile; fileRef = 59D955140FCE857700509EEC /* SendController.h */; };
		59D955470FCE8BE400509EEC /* ArthroplastyTemplatingWindow.xib in Resources */ = {isa = PBXBuildFile; fileRef = 59D955460FCE8BE400509EEC /* ArthroplastyTemplatingWindow.xib */; };
		59D955640FCE8D5B00509EEC /* ArthroplastyTemplatingStepByStep.xib in Resources */ = {isa = PBXBuildFile; fileRef = 59D955630FCE8D5B00509EEC /* ArthroplastyTemplatingStepByStep.xib */; };
		8D5B49B4048680CD000E48DA /* Cocoa.framework in Frameworks */ = {isa = PBXBuildFile; fileRef = 1058C7ADFEA557BF11CA2CBB /* Cocoa.framework */; };
		A9F8BEED0B9DD21E00FDB71F /* Quartz.framework in Frameworks */ = {isa = PBXBuildFile; fileRef = A9F8BEEC0B9DD21E00FDB71F /* Quartz.framework */; };
/* End PBXBuildFile section */

/* Begin PBXFileReference section */
		089C1672FE841209C02AAC07 /* Foundation.framework */ = {isa = PBXFileReference; lastKnownFileType = wrapper.framework; name = Foundation.framework; path = /System/Library/Frameworks/Foundation.framework; sourceTree = "<absolute>"; };
		089C167FFE841241C02AAC07 /* AppKit.framework */ = {isa = PBXFileReference; lastKnownFileType = wrapper.framework; name = AppKit.framework; path = /System/Library/Frameworks/AppKit.framework; sourceTree = "<absolute>"; };
		1058C7ADFEA557BF11CA2CBB /* Cocoa.framework */ = {isa = PBXFileReference; lastKnownFileType = wrapper.framework; name = Cocoa.framework; path = /System/Library/Frameworks/Cocoa.framework; sourceTree = "<absolute>"; };
		592C9F390FDFAD0C00EB256B /* ArthroplastyTemplatingSplitView.h */ = {isa = PBXFileReference; fileEncoding = 4; lastKnownFileType = sourcecode.c.h; path = ArthroplastyTemplatingSplitView.h; sourceTree = "<group>"; };
		592C9F3A0FDFAD0C00EB256B /* ArthroplastyTemplatingSplitView.m */ = {isa = PBXFileReference; fileEncoding = 4; lastKnownFileType = sourcecode.c.objc; path = ArthroplastyTemplatingSplitView.m; sourceTree = "<group>"; };
		592C9FCF0FDFBA3D00EB256B /* com.osirix.arthroplastytemplating.plist */ = {isa = PBXFileReference; lastKnownFileType = file.bplist; path = com.osirix.arthroplastytemplating.plist; sourceTree = "<group>"; };
		5952527F0FDF9B06009A14DD /* ArthroplastyTemplatingUserDefaults.mm */ = {isa = PBXFileReference; fileEncoding = 4; lastKnownFileType = sourcecode.cpp.objcpp; path = ArthroplastyTemplatingUserDefaults.mm; sourceTree = "<group>"; };
		595252800FDF9B06009A14DD /* ArthroplastyTemplatingUserDefaults.h */ = {isa = PBXFileReference; fileEncoding = 4; lastKnownFileType = sourcecode.c.h; path = ArthroplastyTemplatingUserDefaults.h; sourceTree = "<group>"; };
		59956E4E0FD8105F007C151F /* ZimmerTemplate.h */ = {isa = PBXFileReference; fileEncoding = 4; lastKnownFileType = sourcecode.c.h; path = ZimmerTemplate.h; sourceTree = "<group>"; };
		59956E4F0FD8105F007C151F /* ZimmerTemplate.m */ = {isa = PBXFileReference; fileEncoding = 4; lastKnownFileType = sourcecode.c.objc; path = ZimmerTemplate.m; sourceTree = "<group>"; };
		59956E760FD812CF007C151F /* ArthroplastyTemplateFamily.h */ = {isa = PBXFileReference; fileEncoding = 4; lastKnownFileType = sourcecode.c.h; path = ArthroplastyTemplateFamily.h; sourceTree = "<group>"; };
		59956E770FD812CF007C151F /* ArthroplastyTemplateFamily.m */ = {isa = PBXFileReference; fileEncoding = 4; lastKnownFileType = sourcecode.c.objc; path = ArthroplastyTemplateFamily.m; sourceTree = "<group>"; };
		5995728E0FDD3E2B007C151F /* SelectablePDFView.h */ = {isa = PBXFileReference; fileEncoding = 4; lastKnownFileType = sourcecode.c.h; path = SelectablePDFView.h; sourceTree = "<group>"; };
		5995728F0FDD3E2B007C151F /* SelectablePDFView.mm */ = {isa = PBXFileReference; fileEncoding = 4; lastKnownFileType = sourcecode.cpp.objcpp; path = SelectablePDFView.mm; sourceTree = "<group>"; };
		599572CB0FDD5170007C151F /* ArthroplastyTemplatingWindowController.mm */ = {isa = PBXFileReference; fileEncoding = 4; lastKnownFileType = sourcecode.cpp.objcpp; path = ArthroplastyTemplatingWindowController.mm; sourceTree = "<group>"; };
		59D94E590FCE807D00509EEC /* NSImage+ArthroplastyTemplating.h */ = {isa = PBXFileReference; fileEncoding = 4; lastKnownFileType = sourcecode.c.h; path = "NSImage+ArthroplastyTemplating.h"; sourceTree = "<group>"; };
		59D94E5A0FCE807D00509EEC /* NSImage+ArthroplastyTemplating.mm */ = {isa = PBXFileReference; fileEncoding = 4; lastKnownFileType = sourcecode.cpp.objcpp; path = "NSImage+ArthroplastyTemplating.mm"; sourceTree = "<group>"; };
		59D94E5B0FCE807D00509EEC /* NSString+Trim.h */ = {isa = PBXFileReference; fileEncoding = 4; lastKnownFileType = sourcecode.c.h; path = "NSString+Trim.h"; sourceTree = "<group>"; };
		59D94E5C0FCE807D00509EEC /* NSString+Trim.mm */ = {isa = PBXFileReference; fileEncoding = 4; lastKnownFileType = sourcecode.cpp.objcpp; path = "NSString+Trim.mm"; sourceTree = "<group>"; };
		59D94E5E0FCE807D00509EEC /* DisclosureBox.h */ = {isa = PBXFileReference; fileEncoding = 4; lastKnownFileType = sourcecode.c.h; path = DisclosureBox.h; sourceTree = "<group>"; };
		59D94E5F0FCE807D00509EEC /* DisclosureBox.mm */ = {isa = PBXFileReference; fileEncoding = 4; lastKnownFileType = sourcecode.cpp.objcpp; path = DisclosureBox.mm; sourceTree = "<group>"; };
		59D94E600FCE807D00509EEC /* Step.h */ = {isa = PBXFileReference; fileEncoding = 4; lastKnownFileType = sourcecode.c.h; path = Step.h; sourceTree = "<group>"; };
		59D94E610FCE807D00509EEC /* Step.m */ = {isa = PBXFileReference; fileEncoding = 4; lastKnownFileType = sourcecode.c.objc; path = Step.m; sourceTree = "<group>"; };
		59D94E620FCE807D00509EEC /* StepByStep.h */ = {isa = PBXFileReference; fileEncoding = 4; lastKnownFileType = sourcecode.c.h; path = StepByStep.h; sourceTree = "<group>"; };
		59D94E630FCE807D00509EEC /* StepByStep.m */ = {isa = PBXFileReference; fileEncoding = 4; lastKnownFileType = sourcecode.c.objc; path = StepByStep.m; sourceTree = "<group>"; };
		59D94E640FCE807D00509EEC /* SBSView.h */ = {isa = PBXFileReference; fileEncoding = 4; lastKnownFileType = sourcecode.c.h; path = SBSView.h; sourceTree = "<group>"; };
		59D94E650FCE807D00509EEC /* SBSView.m */ = {isa = PBXFileReference; fileEncoding = 4; lastKnownFileType = sourcecode.c.objc; path = SBSView.m; sourceTree = "<group>"; };
		59D94E660FCE807D00509EEC /* StepView.h */ = {isa = PBXFileReference; fileEncoding = 4; lastKnownFileType = sourcecode.c.h; path = StepView.h; sourceTree = "<group>"; };
		59D94E670FCE807D00509EEC /* StepView.m */ = {isa = PBXFileReference; fileEncoding = 4; lastKnownFileType = sourcecode.c.objc; path = StepView.m; sourceTree = "<group>"; };
		59D94E680FCE807D00509EEC /* ArthroplastyTemplate.h */ = {isa = PBXFileReference; fileEncoding = 4; lastKnownFileType = sourcecode.c.h; path = ArthroplastyTemplate.h; sourceTree = "<group>"; };
		59D94E690FCE807D00509EEC /* ArthroplastyTemplate.m */ = {isa = PBXFileReference; fileEncoding = 4; lastKnownFileType = sourcecode.c.objc; path = ArthroplastyTemplate.m; sourceTree = "<group>"; };
		59D94E6A0FCE807D00509EEC /* ArthroplastyTemplatingPlugin.h */ = {isa = PBXFileReference; fileEncoding = 4; lastKnownFileType = sourcecode.c.h; path = ArthroplastyTemplatingPlugin.h; sourceTree = "<group>"; };
		59D94E6B0FCE807D00509EEC /* ArthroplastyTemplatingPlugin.m */ = {isa = PBXFileReference; fileEncoding = 4; lastKnownFileType = sourcecode.c.objc; path = ArthroplastyTemplatingPlugin.m; sourceTree = "<group>"; };
		59D94E6C0FCE807D00509EEC /* Arthroplasty_Templating_Prefix.pch */ = {isa = PBXFileReference; fileEncoding = 4; lastKnownFileType = sourcecode.c.h; name = Arthroplasty_Templating_Prefix.pch; path = Sources/Arthroplasty_Templating_Prefix.pch; sourceTree = "<group>"; };
		59D94E6D0FCE807D00509EEC /* ArthroplastyTemplatingStepByStepController.h */ = {isa = PBXFileReference; fileEncoding = 4; lastKnownFileType = sourcecode.c.h; path = ArthroplastyTemplatingStepByStepController.h; sourceTree = "<group>"; };
		59D94E6E0FCE807D00509EEC /* ArthroplastyTemplatingStepByStepController.m */ = {isa = PBXFileReference; fileEncoding = 4; lastKnownFileType = sourcecode.c.objc; path = ArthroplastyTemplatingStepByStepController.m; sourceTree = "<group>"; };
		59D94E6F0FCE807D00509EEC /* ArthroplastyTemplatingTableView.h */ = {isa = PBXFileReference; fileEncoding = 4; lastKnownFileType = sourcecode.c.h; path = ArthroplastyTemplatingTableView.h; sourceTree = "<group>"; };
		59D94E700FCE807D00509EEC /* ArthroplastyTemplatingTableView.m */ = {isa = PBXFileReference; fileEncoding = 4; lastKnownFileType = sourcecode.c.objc; path = ArthroplastyTemplatingTableView.m; sourceTree = "<group>"; };
		59D94E710FCE807D00509EEC /* ArthroplastyTemplatingWindowController.h */ = {isa = PBXFileReference; fileEncoding = 4; lastKnownFileType = sourcecode.c.h; path = ArthroplastyTemplatingWindowController.h; sourceTree = "<group>"; };
		59D94E990FCE81BD00509EEC /* version.plist */ = {isa = PBXFileReference; fileEncoding = 4; lastKnownFileType = text.plist.xml; path = version.plist; sourceTree = "<group>"; };
		59D951D50FCE823400509EEC /* English */ = {isa = PBXFileReference; fileEncoding = 10; lastKnownFileType = text.plist.strings; name = English; path = InfoPlist.strings; sourceTree = "<group>"; };
		59D951D70FCE823400509EEC /* English */ = {isa = PBXFileReference; fileEncoding = 10; lastKnownFileType = text.plist.xml; name = English; path = locversion.plist; sourceTree = "<group>"; };
		59D951DA0FCE826400509EEC /* Info.plist */ = {isa = PBXFileReference; fileEncoding = 4; lastKnownFileType = text.plist.xml; path = Info.plist; sourceTree = "<group>"; };
		59D951EF0FCE82DB00509EEC /* ArthroplastyTemplating.tiff */ = {isa = PBXFileReference; lastKnownFileType = image.tiff; path = ArthroplastyTemplating.tiff; sourceTree = "<group>"; };
		59D951F10FCE831900509EEC /* ZimmerTemplates */ = {isa = PBXFileReference; lastKnownFileType = folder; path = ZimmerTemplates; sourceTree = "<group>"; };
		59D954870FCE836400509EEC /* DCMPix.h */ = {isa = PBXFileReference; fileEncoding = 4; lastKnownFileType = sourcecode.c.h; path = DCMPix.h; sourceTree = "<group>"; };
		59D954880FCE836400509EEC /* DCMView.h */ = {isa = PBXFileReference; fileEncoding = 4; lastKnownFileType = sourcecode.c.h; path = DCMView.h; sourceTree = "<group>"; };
		59D954890FCE836400509EEC /* DICOMExport.h */ = {isa = PBXFileReference; fileEncoding = 4; lastKnownFileType = sourcecode.c.h; path = DICOMExport.h; sourceTree = "<group>"; };
		59D9548A0FCE836400509EEC /* dicomFile.h */ = {isa = PBXFileReference; fileEncoding = 4; lastKnownFileType = sourcecode.c.h; path = dicomFile.h; sourceTree = "<group>"; };
		59D9548B0FCE836400509EEC /* MyPoint.h */ = {isa = PBXFileReference; fileEncoding = 4; lastKnownFileType = sourcecode.c.h; path = MyPoint.h; sourceTree = "<group>"; };
		59D9548C0FCE836400509EEC /* OSIWindowController.h */ = {isa = PBXFileReference; fileEncoding = 4; lastKnownFileType = sourcecode.c.h; path = OSIWindowController.h; sourceTree = "<group>"; };
		59D9548D0FCE836400509EEC /* PluginFilter.h */ = {isa = PBXFileReference; fileEncoding = 4; lastKnownFileType = sourcecode.c.h; path = PluginFilter.h; sourceTree = "<group>"; };
		59D9548E0FCE836400509EEC /* ROI.h */ = {isa = PBXFileReference; fileEncoding = 4; lastKnownFileType = sourcecode.c.h; path = ROI.h; sourceTree = "<group>"; };
		59D9548F0FCE836400509EEC /* Schedulable.h */ = {isa = PBXFileReference; fileEncoding = 4; lastKnownFileType = sourcecode.c.h; path = Schedulable.h; sourceTree = "<group>"; };
		59D954900FCE836400509EEC /* Scheduler.h */ = {isa = PBXFileReference; fileEncoding = 4; lastKnownFileType = sourcecode.c.h; path = Scheduler.h; sourceTree = "<group>"; };
		59D954910FCE836400509EEC /* StaticScheduler.h */ = {isa = PBXFileReference; fileEncoding = 4; lastKnownFileType = sourcecode.c.h; path = StaticScheduler.h; sourceTree = "<group>"; };
		59D954920FCE836400509EEC /* ViewerController.h */ = {isa = PBXFileReference; fileEncoding = 4; lastKnownFileType = sourcecode.c.h; path = ViewerController.h; sourceTree = "<group>"; };
		59D955110FCE854D00509EEC /* browserController.h */ = {isa = PBXFileReference; fileEncoding = 4; lastKnownFileType = sourcecode.c.h; path = browserController.h; sourceTree = "<group>"; };
		59D955140FCE857700509EEC /* SendController.h */ = {isa = PBXFileReference; fileEncoding = 4; lastKnownFileType = sourcecode.c.h; path = SendController.h; sourceTree = "<group>"; };
		59D955460FCE8BE400509EEC /* ArthroplastyTemplatingWindow.xib */ = {isa = PBXFileReference; lastKnownFileType = file.xib; path = ArthroplastyTemplatingWindow.xib; sourceTree = "<group>"; };
		59D955630FCE8D5B00509EEC /* ArthroplastyTemplatingStepByStep.xib */ = {isa = PBXFileReference; lastKnownFileType = file.xib; path = ArthroplastyTemplatingStepByStep.xib; sourceTree = "<group>"; };
		A9F8BEEC0B9DD21E00FDB71F /* Quartz.framework */ = {isa = PBXFileReference; lastKnownFileType = wrapper.framework; name = Quartz.framework; path = /System/Library/Frameworks/Quartz.framework; sourceTree = "<absolute>"; };
		AB5D36050680E57E00F4007A /* XRayTemplates.osirixplugin */ = {isa = PBXFileReference; explicitFileType = wrapper.cfbundle; includeInIndex = 0; path = XRayTemplates.osirixplugin; sourceTree = BUILT_PRODUCTS_DIR; };
/* End PBXFileReference section */

/* Begin PBXFrameworksBuildPhase section */
		8D5B49B3048680CD000E48DA /* Frameworks */ = {
			isa = PBXFrameworksBuildPhase;
			buildActionMask = 2147483647;
			files = (
				8D5B49B4048680CD000E48DA /* Cocoa.framework in Frameworks */,
				A9F8BEED0B9DD21E00FDB71F /* Quartz.framework in Frameworks */,
			);
			runOnlyForDeploymentPostprocessing = 0;
		};
/* End PBXFrameworksBuildPhase section */

/* Begin PBXGroup section */
		089C166AFE841209C02AAC07 /* XRayTemplatesPlugin */ = {
			isa = PBXGroup;
			children = (
				59D94E6C0FCE807D00509EEC /* Arthroplasty_Templating_Prefix.pch */,
				59D94E580FCE807D00509EEC /* Sources */,
				59D94E910FCE81BD00509EEC /* Resources */,
				089C1671FE841209C02AAC07 /* Frameworks and Libraries */,
				19C28FB8FE9D52D311CA2CBB /* Products */,
			);
			name = XRayTemplatesPlugin;
			sourceTree = "<group>";
		};
		089C1671FE841209C02AAC07 /* Frameworks and Libraries */ = {
			isa = PBXGroup;
			children = (
				59D954180FCE836400509EEC /* Frameworks */,
				1058C7ACFEA557BF11CA2CBB /* Linked Frameworks */,
				1058C7AEFEA557BF11CA2CBB /* Other Frameworks */,
			);
			name = "Frameworks and Libraries";
			sourceTree = "<group>";
		};
		1058C7ACFEA557BF11CA2CBB /* Linked Frameworks */ = {
			isa = PBXGroup;
			children = (
				1058C7ADFEA557BF11CA2CBB /* Cocoa.framework */,
			);
			name = "Linked Frameworks";
			sourceTree = "<group>";
		};
		1058C7AEFEA557BF11CA2CBB /* Other Frameworks */ = {
			isa = PBXGroup;
			children = (
				A9F8BEEC0B9DD21E00FDB71F /* Quartz.framework */,
				089C1672FE841209C02AAC07 /* Foundation.framework */,
				089C167FFE841241C02AAC07 /* AppKit.framework */,
			);
			name = "Other Frameworks";
			sourceTree = "<group>";
		};
		19C28FB8FE9D52D311CA2CBB /* Products */ = {
			isa = PBXGroup;
			children = (
				AB5D36050680E57E00F4007A /* XRayTemplates.osirixplugin */,
			);
			name = Products;
			sourceTree = "<group>";
		};
		59956E4D0FD8105F007C151F /* TemplateTypes */ = {
			isa = PBXGroup;
			children = (
				59956E4E0FD8105F007C151F /* ZimmerTemplate.h */,
				59956E4F0FD8105F007C151F /* ZimmerTemplate.m */,
			);
			path = TemplateTypes;
			sourceTree = "<group>";
		};
		59D94E580FCE807D00509EEC /* Sources */ = {
			isa = PBXGroup;
			children = (
				59D94E6A0FCE807D00509EEC /* ArthroplastyTemplatingPlugin.h */,
				59D94E6B0FCE807D00509EEC /* ArthroplastyTemplatingPlugin.m */,
				59D94E710FCE807D00509EEC /* ArthroplastyTemplatingWindowController.h */,
				599572CB0FDD5170007C151F /* ArthroplastyTemplatingWindowController.mm */,
				59D94E6D0FCE807D00509EEC /* ArthroplastyTemplatingStepByStepController.h */,
				59D94E6E0FCE807D00509EEC /* ArthroplastyTemplatingStepByStepController.m */,
				59D94E5D0FCE807D00509EEC /* StepByStep */,
				59D94E680FCE807D00509EEC /* ArthroplastyTemplate.h */,
				59D94E690FCE807D00509EEC /* ArthroplastyTemplate.m */,
				59956E4D0FD8105F007C151F /* TemplateTypes */,
				59956E760FD812CF007C151F /* ArthroplastyTemplateFamily.h */,
				59956E770FD812CF007C151F /* ArthroplastyTemplateFamily.m */,
				59D94E6F0FCE807D00509EEC /* ArthroplastyTemplatingTableView.h */,
				59D94E700FCE807D00509EEC /* ArthroplastyTemplatingTableView.m */,
				592C9F390FDFAD0C00EB256B /* ArthroplastyTemplatingSplitView.h */,
				592C9F3A0FDFAD0C00EB256B /* ArthroplastyTemplatingSplitView.m */,
				59D94E590FCE807D00509EEC /* NSImage+ArthroplastyTemplating.h */,
				59D94E5A0FCE807D00509EEC /* NSImage+ArthroplastyTemplating.mm */,
				59D94E5B0FCE807D00509EEC /* NSString+Trim.h */,
				59D94E5C0FCE807D00509EEC /* NSString+Trim.mm */,
				5995728E0FDD3E2B007C151F /* SelectablePDFView.h */,
				5995728F0FDD3E2B007C151F /* SelectablePDFView.mm */,
				595252800FDF9B06009A14DD /* ArthroplastyTemplatingUserDefaults.h */,
				5952527F0FDF9B06009A14DD /* ArthroplastyTemplatingUserDefaults.mm */,
			);
			path = Sources;
			sourceTree = "<group>";
		};
		59D94E5D0FCE807D00509EEC /* StepByStep */ = {
			isa = PBXGroup;
			children = (
				59D94E5E0FCE807D00509EEC /* DisclosureBox.h */,
				59D94E5F0FCE807D00509EEC /* DisclosureBox.mm */,
				59D94E600FCE807D00509EEC /* Step.h */,
				59D94E610FCE807D00509EEC /* Step.m */,
				59D94E620FCE807D00509EEC /* StepByStep.h */,
				59D94E630FCE807D00509EEC /* StepByStep.m */,
				59D94E640FCE807D00509EEC /* SBSView.h */,
				59D94E650FCE807D00509EEC /* SBSView.m */,
				59D94E660FCE807D00509EEC /* StepView.h */,
				59D94E670FCE807D00509EEC /* StepView.m */,
			);
			path = StepByStep;
			sourceTree = "<group>";
		};
		59D94E910FCE81BD00509EEC /* Resources */ = {
			isa = PBXGroup;
			children = (
				592C9FCF0FDFBA3D00EB256B /* com.osirix.arthroplastytemplating.plist */,
				59D955460FCE8BE400509EEC /* ArthroplastyTemplatingWindow.xib */,
				59D955630FCE8D5B00509EEC /* ArthroplastyTemplatingStepByStep.xib */,
				59D951DA0FCE826400509EEC /* Info.plist */,
				59D951EF0FCE82DB00509EEC /* ArthroplastyTemplating.tiff */,
				59D951D30FCE823400509EEC /* English.lproj */,
				59D94E990FCE81BD00509EEC /* version.plist */,
				59D951F10FCE831900509EEC /* ZimmerTemplates */,
			);
			path = Resources;
			sourceTree = "<group>";
		};
		59D951D30FCE823400509EEC /* English.lproj */ = {
			isa = PBXGroup;
			children = (
				59D951D40FCE823400509EEC /* InfoPlist.strings */,
				59D951D60FCE823400509EEC /* locversion.plist */,
			);
			path = English.lproj;
			sourceTree = "<group>";
		};
		59D954180FCE836400509EEC /* Frameworks */ = {
			isa = PBXGroup;
			children = (
				59D954860FCE836400509EEC /* OsiriX Headers */,
			);
			path = Frameworks;
			sourceTree = "<group>";
		};
		59D954860FCE836400509EEC /* OsiriX Headers */ = {
			isa = PBXGroup;
			children = (
				59D955110FCE854D00509EEC /* browserController.h */,
				59D954870FCE836400509EEC /* DCMPix.h */,
				59D954880FCE836400509EEC /* DCMView.h */,
				59D954890FCE836400509EEC /* DICOMExport.h */,
				59D9548A0FCE836400509EEC /* dicomFile.h */,
				59D9548B0FCE836400509EEC /* MyPoint.h */,
				59D9548C0FCE836400509EEC /* OSIWindowController.h */,
				59D9548D0FCE836400509EEC /* PluginFilter.h */,
				59D9548E0FCE836400509EEC /* ROI.h */,
				59D9548F0FCE836400509EEC /* Schedulable.h */,
				59D954900FCE836400509EEC /* Scheduler.h */,
				59D955140FCE857700509EEC /* SendController.h */,
				59D954910FCE836400509EEC /* StaticScheduler.h */,
				59D954920FCE836400509EEC /* ViewerController.h */,
			);
			path = "OsiriX Headers";
			sourceTree = "<group>";
		};
/* End PBXGroup section */

/* Begin PBXHeadersBuildPhase section */
		8D5B49AD048680CD000E48DA /* Headers */ = {
			isa = PBXHeadersBuildPhase;
			buildActionMask = 2147483647;
			files = (
				59D94E760FCE807D00509EEC /* NSImage+ArthroplastyTemplating.h in Headers */,
				59D94E780FCE807D00509EEC /* NSString+Trim.h in Headers */,
				59D94E7A0FCE807D00509EEC /* DisclosureBox.h in Headers */,
				59D94E7C0FCE807D00509EEC /* Step.h in Headers */,
				59D94E7E0FCE807D00509EEC /* StepByStep.h in Headers */,
				59D94E800FCE807D00509EEC /* SBSView.h in Headers */,
				59D94E820FCE807D00509EEC /* StepView.h in Headers */,
				59D94E840FCE807D00509EEC /* ArthroplastyTemplate.h in Headers */,
				59D94E860FCE807D00509EEC /* ArthroplastyTemplatingPlugin.h in Headers */,
				59D94E880FCE807D00509EEC /* Arthroplasty_Templating_Prefix.pch in Headers */,
				59D94E890FCE807D00509EEC /* ArthroplastyTemplatingStepByStepController.h in Headers */,
				59D94E8B0FCE807D00509EEC /* ArthroplastyTemplatingTableView.h in Headers */,
				59D94E8D0FCE807D00509EEC /* ArthroplastyTemplatingWindowController.h in Headers */,
				59D954F40FCE836400509EEC /* DCMPix.h in Headers */,
				59D954F50FCE836400509EEC /* DCMView.h in Headers */,
				59D954F60FCE836400509EEC /* DICOMExport.h in Headers */,
				59D954F70FCE836400509EEC /* dicomFile.h in Headers */,
				59D954F80FCE836400509EEC /* MyPoint.h in Headers */,
				59D954F90FCE836400509EEC /* OSIWindowController.h in Headers */,
				59D954FA0FCE836400509EEC /* PluginFilter.h in Headers */,
				59D954FB0FCE836400509EEC /* ROI.h in Headers */,
				59D954FC0FCE836400509EEC /* Schedulable.h in Headers */,
				59D954FD0FCE836400509EEC /* Scheduler.h in Headers */,
				59D954FE0FCE836400509EEC /* StaticScheduler.h in Headers */,
				59D954FF0FCE836400509EEC /* ViewerController.h in Headers */,
				59D955120FCE854D00509EEC /* browserController.h in Headers */,
				59D955150FCE857700509EEC /* SendController.h in Headers */,
				59956E500FD8105F007C151F /* ZimmerTemplate.h in Headers */,
				59956E780FD812CF007C151F /* ArthroplastyTemplateFamily.h in Headers */,
				599572900FDD3E2B007C151F /* SelectablePDFView.h in Headers */,
				595252820FDF9B06009A14DD /* ArthroplastyTemplatingUserDefaults.h in Headers */,
				592C9F3B0FDFAD0C00EB256B /* ArthroplastyTemplatingSplitView.h in Headers */,
			);
			runOnlyForDeploymentPostprocessing = 0;
		};
/* End PBXHeadersBuildPhase section */

/* Begin PBXNativeTarget section */
		8D5B49AC048680CD000E48DA /* XRayTemplatesPlugin */ = {
			isa = PBXNativeTarget;
			buildConfigurationList = CE6A9A9008AC841300D0C1EE /* Build configuration list for PBXNativeTarget "XRayTemplatesPlugin" */;
			buildPhases = (
				8D5B49AD048680CD000E48DA /* Headers */,
				8D5B49AF048680CD000E48DA /* Resources */,
				8D5B49B1048680CD000E48DA /* Sources */,
				8D5B49B3048680CD000E48DA /* Frameworks */,
				8D5B49B5048680CD000E48DA /* Rez */,
			);
			buildRules = (
			);
			dependencies = (
			);
			name = XRayTemplatesPlugin;
			productInstallPath = "$(HOME)/Library/Bundles";
			productName = Invert;
			productReference = AB5D36050680E57E00F4007A /* XRayTemplates.osirixplugin */;
			productType = "com.apple.product-type.bundle";
		};
/* End PBXNativeTarget section */

/* Begin PBXProject section */
		089C1669FE841209C02AAC07 /* Project object */ = {
			isa = PBXProject;
			buildConfigurationList = CE6A9A9408AC841300D0C1EE /* Build configuration list for PBXProject "Arthroplasty Templating II" */;
			compatibilityVersion = "Xcode 2.4";
			hasScannedForEncodings = 1;
			mainGroup = 089C166AFE841209C02AAC07 /* XRayTemplatesPlugin */;
			projectDirPath = "";
			projectRoot = "";
			targets = (
				8D5B49AC048680CD000E48DA /* XRayTemplatesPlugin */,
			);
		};
/* End PBXProject section */

/* Begin PBXResourcesBuildPhase section */
		8D5B49AF048680CD000E48DA /* Resources */ = {
			isa = PBXResourcesBuildPhase;
			buildActionMask = 2147483647;
			files = (
				59D951D80FCE823400509EEC /* InfoPlist.strings in Resources */,
				59D951F00FCE82DB00509EEC /* ArthroplastyTemplating.tiff in Resources */,
				59D9537F0FCE831A00509EEC /* ZimmerTemplates in Resources */,
				59D955470FCE8BE400509EEC /* ArthroplastyTemplatingWindow.xib in Resources */,
				59D955640FCE8D5B00509EEC /* ArthroplastyTemplatingStepByStep.xib in Resources */,
				592C9FD00FDFBA3D00EB256B /* com.osirix.arthroplastytemplating.plist in Resources */,
			);
			runOnlyForDeploymentPostprocessing = 0;
		};
/* End PBXResourcesBuildPhase section */

/* Begin PBXRezBuildPhase section */
		8D5B49B5048680CD000E48DA /* Rez */ = {
			isa = PBXRezBuildPhase;
			buildActionMask = 2147483647;
			files = (
			);
			runOnlyForDeploymentPostprocessing = 0;
		};
/* End PBXRezBuildPhase section */

/* Begin PBXSourcesBuildPhase section */
		8D5B49B1048680CD000E48DA /* Sources */ = {
			isa = PBXSourcesBuildPhase;
			buildActionMask = 2147483647;
			files = (
				59D94E770FCE807D00509EEC /* NSImage+ArthroplastyTemplating.mm in Sources */,
				59D94E790FCE807D00509EEC /* NSString+Trim.mm in Sources */,
				59D94E7B0FCE807D00509EEC /* DisclosureBox.mm in Sources */,
				59D94E7D0FCE807D00509EEC /* Step.m in Sources */,
				59D94E7F0FCE807D00509EEC /* StepByStep.m in Sources */,
				59D94E810FCE807D00509EEC /* SBSView.m in Sources */,
				59D94E830FCE807D00509EEC /* StepView.m in Sources */,
				59D94E850FCE807D00509EEC /* ArthroplastyTemplate.m in Sources */,
				59D94E870FCE807D00509EEC /* ArthroplastyTemplatingPlugin.m in Sources */,
				59D94E8A0FCE807D00509EEC /* ArthroplastyTemplatingStepByStepController.m in Sources */,
				59D94E8C0FCE807D00509EEC /* ArthroplastyTemplatingTableView.m in Sources */,
				59956E510FD8105F007C151F /* ZimmerTemplate.m in Sources */,
				59956E790FD812CF007C151F /* ArthroplastyTemplateFamily.m in Sources */,
				599572910FDD3E2B007C151F /* SelectablePDFView.mm in Sources */,
				599572CC0FDD5170007C151F /* ArthroplastyTemplatingWindowController.mm in Sources */,
				595252810FDF9B06009A14DD /* ArthroplastyTemplatingUserDefaults.mm in Sources */,
				592C9F3C0FDFAD0C00EB256B /* ArthroplastyTemplatingSplitView.m in Sources */,
			);
			runOnlyForDeploymentPostprocessing = 0;
		};
/* End PBXSourcesBuildPhase section */

/* Begin PBXVariantGroup section */
		59D951D40FCE823400509EEC /* InfoPlist.strings */ = {
			isa = PBXVariantGroup;
			children = (
				59D951D50FCE823400509EEC /* English */,
			);
			name = InfoPlist.strings;
			sourceTree = "<group>";
		};
		59D951D60FCE823400509EEC /* locversion.plist */ = {
			isa = PBXVariantGroup;
			children = (
				59D951D70FCE823400509EEC /* English */,
			);
			name = locversion.plist;
			sourceTree = "<group>";
		};
/* End PBXVariantGroup section */

/* Begin XCBuildConfiguration section */
		CE6A9A9108AC841300D0C1EE /* Development */ = {
			isa = XCBuildConfiguration;
			buildSettings = {
				ARCHS = "$(NATIVE_ARCH)";
				COPY_PHASE_STRIP = NO;
				DEBUGGING_SYMBOLS = YES;
				FRAMEWORK_SEARCH_PATHS = (
					"$(inherited)",
					"$(FRAMEWORK_SEARCH_PATHS_QUOTED_1)",
					"$(FRAMEWORK_SEARCH_PATHS_QUOTED_2)",
					"$(FRAMEWORK_SEARCH_PATHS_QUOTED_3)",
					"$(FRAMEWORK_SEARCH_PATHS_QUOTED_4)",
				);
				FRAMEWORK_SEARCH_PATHS_QUOTED_1 = "\"$(SRCROOT)\"";
				FRAMEWORK_SEARCH_PATHS_QUOTED_2 = "\"$(SRCROOT)\"";
				FRAMEWORK_SEARCH_PATHS_QUOTED_3 = "\"$(SRCROOT)\"";
				FRAMEWORK_SEARCH_PATHS_QUOTED_4 = "\"$(SRCROOT)/iLifeControls/build/Release\"";
				GCC_C_LANGUAGE_STANDARD = gnu99;
				GCC_DYNAMIC_NO_PIC = NO;
				GCC_ENABLE_FIX_AND_CONTINUE = YES;
				GCC_ENABLE_TRIGRAPHS = NO;
				GCC_GENERATE_DEBUGGING_SYMBOLS = YES;
				GCC_OPTIMIZATION_LEVEL = 0;
				GCC_PRECOMPILE_PREFIX_HEADER = YES;
				GCC_PREFIX_HEADER = Sources/Arthroplasty_Templating_Prefix.pch;
				GCC_WARN_FOUR_CHARACTER_CONSTANTS = NO;
				GCC_WARN_UNKNOWN_PRAGMAS = NO;
				HEADER_SEARCH_PATHS = "";
				INFOPLIST_FILE = Resources/Info.plist;
				INSTALL_PATH = "@executable_path/../Plug-ins";
				LIBRARY_SEARCH_PATHS = (
					"$(inherited)",
					"$(LIBRARY_SEARCH_PATHS_QUOTED_1)",
					"$(LIBRARY_SEARCH_PATHS_QUOTED_2)",
				);
				LIBRARY_SEARCH_PATHS_QUOTED_1 = "\"$(SRCROOT)/iLifeControls/build/iLifeControls.build/Release/iLifeControls.build/Objects-normal/i386\"";
				LIBRARY_SEARCH_PATHS_QUOTED_2 = "\"$(SRCROOT)/iLifeControls/build/iLifeControls.build/Release/iLifeControls.build/Objects-normal/ppc\"";
				LIBRARY_STYLE = Bundle;
				MACOSX_DEPLOYMENT_TARGET = 10.5;
				OTHER_CFLAGS = "";
				OTHER_LDFLAGS = (
					"-undefined",
					dynamic_lookup,
				);
				OTHER_REZFLAGS = "";
				PRODUCT_NAME = XRayTemplates;
				SDKROOT = /Developer/SDKs/MacOSX10.5.sdk;
				SECTORDER_FLAGS = "";
				WARNING_CFLAGS = (
					"-Wmost",
					"-Wno-four-char-constants",
					"-Wno-unknown-pragmas",
				);
				WRAPPER_EXTENSION = osirixplugin;
				ZERO_LINK = NO;
			};
			name = Development;
		};
		CE6A9A9208AC841300D0C1EE /* Deployment */ = {
			isa = XCBuildConfiguration;
			buildSettings = {
				COPY_PHASE_STRIP = YES;
				FRAMEWORK_SEARCH_PATHS = (
					"$(inherited)",
					"$(FRAMEWORK_SEARCH_PATHS_QUOTED_1)",
					"$(FRAMEWORK_SEARCH_PATHS_QUOTED_2)",
					"$(FRAMEWORK_SEARCH_PATHS_QUOTED_3)",
					"$(FRAMEWORK_SEARCH_PATHS_QUOTED_4)",
				);
				FRAMEWORK_SEARCH_PATHS_QUOTED_1 = "\"$(SRCROOT)\"";
				FRAMEWORK_SEARCH_PATHS_QUOTED_2 = "\"$(SRCROOT)\"";
				FRAMEWORK_SEARCH_PATHS_QUOTED_3 = "\"$(SRCROOT)\"";
				FRAMEWORK_SEARCH_PATHS_QUOTED_4 = "\"$(SRCROOT)/iLifeControls/build/Release\"";
				GCC_C_LANGUAGE_STANDARD = gnu99;
				GCC_ENABLE_FIX_AND_CONTINUE = NO;
				GCC_ENABLE_TRIGRAPHS = NO;
				GCC_PRECOMPILE_PREFIX_HEADER = YES;
				GCC_PREFIX_HEADER = Sources/Arthroplasty_Templating_Prefix.pch;
				GCC_WARN_FOUR_CHARACTER_CONSTANTS = NO;
				GCC_WARN_UNKNOWN_PRAGMAS = NO;
				HEADER_SEARCH_PATHS = "";
				INFOPLIST_FILE = Resources/Info.plist;
				LIBRARY_SEARCH_PATHS = (
					"$(inherited)",
					"$(LIBRARY_SEARCH_PATHS_QUOTED_1)",
					"$(LIBRARY_SEARCH_PATHS_QUOTED_2)",
				);
				LIBRARY_SEARCH_PATHS_QUOTED_1 = "\"$(SRCROOT)/iLifeControls/build/iLifeControls.build/Release/iLifeControls.build/Objects-normal/i386\"";
				LIBRARY_SEARCH_PATHS_QUOTED_2 = "\"$(SRCROOT)/iLifeControls/build/iLifeControls.build/Release/iLifeControls.build/Objects-normal/ppc\"";
				LIBRARY_STYLE = Bundle;
				MACOSX_DEPLOYMENT_TARGET = 10.5;
				OTHER_CFLAGS = "";
				OTHER_LDFLAGS = (
					"-undefined",
					dynamic_lookup,
				);
				OTHER_REZFLAGS = "";
				PRODUCT_NAME = XRayTemplates;
				SDKROOT = /Developer/SDKs/MacOSX10.5.sdk;
				SECTORDER_FLAGS = "";
				WARNING_CFLAGS = (
					"-Wmost",
					"-Wno-four-char-constants",
					"-Wno-unknown-pragmas",
				);
				WRAPPER_EXTENSION = osirixplugin;
				ZERO_LINK = NO;
			};
			name = Deployment;
		};
		CE6A9A9308AC841300D0C1EE /* Default */ = {
			isa = XCBuildConfiguration;
			buildSettings = {
				FRAMEWORK_SEARCH_PATHS = (
					"$(inherited)",
					"$(FRAMEWORK_SEARCH_PATHS_QUOTED_1)",
					"$(FRAMEWORK_SEARCH_PATHS_QUOTED_2)",
					"$(FRAMEWORK_SEARCH_PATHS_QUOTED_3)",
					"$(FRAMEWORK_SEARCH_PATHS_QUOTED_4)",
				);
				FRAMEWORK_SEARCH_PATHS_QUOTED_1 = "\"$(SRCROOT)\"";
				FRAMEWORK_SEARCH_PATHS_QUOTED_2 = "\"$(SRCROOT)\"";
				FRAMEWORK_SEARCH_PATHS_QUOTED_3 = "\"$(SRCROOT)\"";
				FRAMEWORK_SEARCH_PATHS_QUOTED_4 = "\"$(SRCROOT)/iLifeControls/build/Release\"";
				GCC_ENABLE_TRIGRAPHS = NO;
				GCC_PRECOMPILE_PREFIX_HEADER = YES;
				GCC_PREFIX_HEADER = Sources/XRayTemplatesPlugin_Prefix.pch;
				GCC_WARN_FOUR_CHARACTER_CONSTANTS = NO;
				GCC_WARN_UNKNOWN_PRAGMAS = NO;
				HEADER_SEARCH_PATHS = "";
				INFOPLIST_FILE = Resources/Info.plist;
				LIBRARY_SEARCH_PATHS = (
					"$(inherited)",
					"$(LIBRARY_SEARCH_PATHS_QUOTED_1)",
					"$(LIBRARY_SEARCH_PATHS_QUOTED_2)",
				);
				LIBRARY_SEARCH_PATHS_QUOTED_1 = "\"$(SRCROOT)/iLifeControls/build/iLifeControls.build/Release/iLifeControls.build/Objects-normal/i386\"";
				LIBRARY_SEARCH_PATHS_QUOTED_2 = "\"$(SRCROOT)/iLifeControls/build/iLifeControls.build/Release/iLifeControls.build/Objects-normal/ppc\"";
				LIBRARY_STYLE = Bundle;
				MACOSX_DEPLOYMENT_TARGET = 10.3;
				OTHER_CFLAGS = "";
				OTHER_LDFLAGS = (
					"-undefined",
					dynamic_lookup,
				);
				OTHER_REZFLAGS = "";
				PRODUCT_NAME = XRayTemplatesPlugin;
				SECTORDER_FLAGS = "";
				WARNING_CFLAGS = (
					"-Wmost",
					"-Wno-four-char-constants",
					"-Wno-unknown-pragmas",
				);
			};
			name = Default;
		};
		CE6A9A9508AC841300D0C1EE /* Development */ = {
			isa = XCBuildConfiguration;
			buildSettings = {
				ARCHS = (
					ppc,
					i386,
				);
				MACOSX_DEPLOYMENT_TARGET = 10.4;
				SDKROOT = /Developer/SDKs/MacOSX10.4u.sdk;
			};
			name = Development;
		};
		CE6A9A9608AC841300D0C1EE /* Deployment */ = {
			isa = XCBuildConfiguration;
			buildSettings = {
				ARCHS = (
					ppc,
					i386,
				);
				MACOSX_DEPLOYMENT_TARGET = 10.4;
				SDKROOT = /Developer/SDKs/MacOSX10.4u.sdk;
			};
			name = Deployment;
		};
		CE6A9A9708AC841300D0C1EE /* Default */ = {
			isa = XCBuildConfiguration;
			buildSettings = {
				ARCHS = (
					ppc,
					i386,
				);
				MACOSX_DEPLOYMENT_TARGET = 10.4;
				SDKROOT = /Developer/SDKs/MacOSX10.4u.sdk;
			};
			name = Default;
		};
/* End XCBuildConfiguration section */

/* Begin XCConfigurationList section */
		CE6A9A9008AC841300D0C1EE /* Build configuration list for PBXNativeTarget "XRayTemplatesPlugin" */ = {
			isa = XCConfigurationList;
			buildConfigurations = (
				CE6A9A9108AC841300D0C1EE /* Development */,
				CE6A9A9208AC841300D0C1EE /* Deployment */,
				CE6A9A9308AC841300D0C1EE /* Default */,
			);
			defaultConfigurationIsVisible = 0;
			defaultConfigurationName = Development;
		};
		CE6A9A9408AC841300D0C1EE /* Build configuration list for PBXProject "Arthroplasty Templating II" */ = {
			isa = XCConfigurationList;
			buildConfigurations = (
				CE6A9A9508AC841300D0C1EE /* Development */,
				CE6A9A9608AC841300D0C1EE /* Deployment */,
				CE6A9A9708AC841300D0C1EE /* Default */,
			);
			defaultConfigurationIsVisible = 0;
			defaultConfigurationName = Development;
		};
/* End XCConfigurationList section */
	};
	rootObject = 089C1669FE841209C02AAC07 /* Project object */;
}
